// !$*UTF8*$!
{
	archiveVersion = 1;
	classes = {
	};
	objectVersion = 51;
	objects = {

/* Begin PBXBuildFile section */
		4F870000233EF8AA0094CCD0 /* PointCouponCell.swift in Sources */ = {isa = PBXBuildFile; fileRef = 4F87FFFF233EF8AA0094CCD0 /* PointCouponCell.swift */; };
		4F87FFCF232896D20094CCD0 /* SettingGuideView.swift in Sources */ = {isa = PBXBuildFile; fileRef = 4F87FFCE232896D20094CCD0 /* SettingGuideView.swift */; };
		4F87FFDD2337886F0094CCD0 /* SettingDocumentCell.swift in Sources */ = {isa = PBXBuildFile; fileRef = 4F87FFDC2337886F0094CCD0 /* SettingDocumentCell.swift */; };
		4F87FFDF2338CD9E0094CCD0 /* SettingRequestViewController.swift in Sources */ = {isa = PBXBuildFile; fileRef = 4F87FFDE2338CD9E0094CCD0 /* SettingRequestViewController.swift */; };
		4F87FFE32339C6D60094CCD0 /* RestroomCreateViewController.swift in Sources */ = {isa = PBXBuildFile; fileRef = 4F87FFE22339C6D60094CCD0 /* RestroomCreateViewController.swift */; };
		4F87FFE9233AF5C60094CCD0 /* RequestCreateAddressCell.swift in Sources */ = {isa = PBXBuildFile; fileRef = 4F87FFE8233AF5C60094CCD0 /* RequestCreateAddressCell.swift */; };
		4F87FFED233AFC860094CCD0 /* RequestCreateTextAddCell.swift in Sources */ = {isa = PBXBuildFile; fileRef = 4F87FFEC233AFC860094CCD0 /* RequestCreateTextAddCell.swift */; };
		4F87FFF1233B190E0094CCD0 /* RequestCreateViewController.swift in Sources */ = {isa = PBXBuildFile; fileRef = 4F87FFF0233B190E0094CCD0 /* RequestCreateViewController.swift */; };
		4F87FFF3233B380F0094CCD0 /* RequestCreatePoliceStationCell.swift in Sources */ = {isa = PBXBuildFile; fileRef = 4F87FFF2233B380F0094CCD0 /* RequestCreatePoliceStationCell.swift */; };
		4F87FFF5233B8BC10094CCD0 /* LoginVC.swift in Sources */ = {isa = PBXBuildFile; fileRef = 4F87FFF4233B8BC10094CCD0 /* LoginVC.swift */; };
		4F87FFF7233B8C220094CCD0 /* TextAddView.swift in Sources */ = {isa = PBXBuildFile; fileRef = 4F87FFF6233B8C220094CCD0 /* TextAddView.swift */; };
		4F87FFF9233B914A0094CCD0 /* SignupVC.swift in Sources */ = {isa = PBXBuildFile; fileRef = 4F87FFF8233B914A0094CCD0 /* SignupVC.swift */; };
		4F87FFFC233EF4F40094CCD0 /* PointCardCell.swift in Sources */ = {isa = PBXBuildFile; fileRef = 4F87FFFB233EF4F40094CCD0 /* PointCardCell.swift */; };
		4F87FFFE233EF6BC0094CCD0 /* PointStampCell.swift in Sources */ = {isa = PBXBuildFile; fileRef = 4F87FFFD233EF6BC0094CCD0 /* PointStampCell.swift */; };
		4FF9669C230C032600E869FF /* AppDelegate.swift in Sources */ = {isa = PBXBuildFile; fileRef = 4FF9669B230C032600E869FF /* AppDelegate.swift */; };
		4FF966A1230C032600E869FF /* Main.storyboard in Resources */ = {isa = PBXBuildFile; fileRef = 4FF9669F230C032600E869FF /* Main.storyboard */; };
		4FF966A6230C032700E869FF /* LaunchScreen.storyboard in Resources */ = {isa = PBXBuildFile; fileRef = 4FF966A4230C032700E869FF /* LaunchScreen.storyboard */; };
		4FF966AF230C043B00E869FF /* MainTabBarController.swift in Sources */ = {isa = PBXBuildFile; fileRef = 4FF966AE230C043B00E869FF /* MainTabBarController.swift */; };
		4FF966B4230C07E300E869FF /* PointViewController.swift in Sources */ = {isa = PBXBuildFile; fileRef = 4FF966B3230C07E300E869FF /* PointViewController.swift */; };
		4FF966B6230C07EB00E869FF /* MapViewController.swift in Sources */ = {isa = PBXBuildFile; fileRef = 4FF966B5230C07EB00E869FF /* MapViewController.swift */; };
		4FF966B8230C07F200E869FF /* ListViewController.swift in Sources */ = {isa = PBXBuildFile; fileRef = 4FF966B7230C07F200E869FF /* ListViewController.swift */; };
		4FF966BA230C07F900E869FF /* SettingViewController.swift in Sources */ = {isa = PBXBuildFile; fileRef = 4FF966B9230C07F900E869FF /* SettingViewController.swift */; };
		4FF966BD230C087400E869FF /* TabBarButtonView.swift in Sources */ = {isa = PBXBuildFile; fileRef = 4FF966BC230C087400E869FF /* TabBarButtonView.swift */; };
		4FF966BF230C1B5B00E869FF /* MapView.swift in Sources */ = {isa = PBXBuildFile; fileRef = 4FF966BE230C1B5B00E869FF /* MapView.swift */; };
		4FF966C2230C25FE00E869FF /* ExtensionFont.swift in Sources */ = {isa = PBXBuildFile; fileRef = 4FF966C1230C25FE00E869FF /* ExtensionFont.swift */; };
		4FF966C4230C28E800E869FF /* PointView.swift in Sources */ = {isa = PBXBuildFile; fileRef = 4FF966C3230C28E800E869FF /* PointView.swift */; };
		4FF966C6230C31AE00E869FF /* ExtensionColor.swift in Sources */ = {isa = PBXBuildFile; fileRef = 4FF966C5230C31AE00E869FF /* ExtensionColor.swift */; };
		4FF966C8230C345E00E869FF /* ExtensionView.swift in Sources */ = {isa = PBXBuildFile; fileRef = 4FF966C7230C345E00E869FF /* ExtensionView.swift */; };
		4FF966CE230C49AB00E869FF /* Assets.xcassets in Resources */ = {isa = PBXBuildFile; fileRef = 4FF966CD230C49AB00E869FF /* Assets.xcassets */; };
		4FF966D4230C706800E869FF /* SettingProfileCell.swift in Sources */ = {isa = PBXBuildFile; fileRef = 4FF966D3230C706800E869FF /* SettingProfileCell.swift */; };
		5212408A233B9599002C99AD /* LocationWithMap.swift in Sources */ = {isa = PBXBuildFile; fileRef = 52124089233B9599002C99AD /* LocationWithMap.swift */; };
		5257B2A8234130BA0083AC04 /* ImagePickerCell.swift in Sources */ = {isa = PBXBuildFile; fileRef = 5257B2A7234130BA0083AC04 /* ImagePickerCell.swift */; };
		527E38F423321C1000C01EC7 /* ExtensionUIImage.swift in Sources */ = {isa = PBXBuildFile; fileRef = 527E38F323321C1000C01EC7 /* ExtensionUIImage.swift */; };
		527E38F62332958700C01EC7 /* TestData.swift in Sources */ = {isa = PBXBuildFile; fileRef = 527E38F52332958700C01EC7 /* TestData.swift */; };
		52E4AC7823416BB800D3F427 /* SearchTableCell.swift in Sources */ = {isa = PBXBuildFile; fileRef = 52E4AC7723416BB800D3F427 /* SearchTableCell.swift */; };
		52E4AC7A23416BD400D3F427 /* LocationWithAddVC.swift in Sources */ = {isa = PBXBuildFile; fileRef = 52E4AC7923416BD400D3F427 /* LocationWithAddVC.swift */; };
		52E4AC7C23417FD000D3F427 /* NaverAdd.swift in Sources */ = {isa = PBXBuildFile; fileRef = 52E4AC7B23417FD000D3F427 /* NaverAdd.swift */; };
		52EA1ABD233E8E0900244D29 /* RequestData.swift in Sources */ = {isa = PBXBuildFile; fileRef = 52EA1ABC233E8E0900244D29 /* RequestData.swift */; };
		52EA1AD3233FDE7300244D29 /* ImageCell.swift in Sources */ = {isa = PBXBuildFile; fileRef = 52EA1AD2233FDE7300244D29 /* ImageCell.swift */; };
		6B36858508F29EBE5EFE4F77 /* Pods_FirstCitizen.framework in Frameworks */ = {isa = PBXBuildFile; fileRef = 50CCF6F72520B16B5901678A /* Pods_FirstCitizen.framework */; };
		CF1E09D323275860006E9537 /* IncidentViewController.swift in Sources */ = {isa = PBXBuildFile; fileRef = CF1E09D223275860006E9537 /* IncidentViewController.swift */; };
		CF1E09D523275891006E9537 /* IncidentView.swift in Sources */ = {isa = PBXBuildFile; fileRef = CF1E09D423275891006E9537 /* IncidentView.swift */; };
		CF1E09D823275F33006E9537 /* IncidentCell.swift in Sources */ = {isa = PBXBuildFile; fileRef = CF1E09D723275F33006E9537 /* IncidentCell.swift */; };
		CF388F7E232FAE5900DA6A1C /* IncidentData.swift in Sources */ = {isa = PBXBuildFile; fileRef = CF388F7D232FAE5900DA6A1C /* IncidentData.swift */; };
		CF388F81232FCD0000DA6A1C /* ApiUrl.swift in Sources */ = {isa = PBXBuildFile; fileRef = CF388F80232FCD0000DA6A1C /* ApiUrl.swift */; };
		CF388F8323306EE700DA6A1C /* DetailIncidentData.swift in Sources */ = {isa = PBXBuildFile; fileRef = CF388F8223306EE700DA6A1C /* DetailIncidentData.swift */; };
		CF5467D1233349BC00F75DDB /* ReportViewController.swift in Sources */ = {isa = PBXBuildFile; fileRef = CF5467D0233349BC00F75DDB /* ReportViewController.swift */; };
		CF5467D3233349C700F75DDB /* ReportView.swift in Sources */ = {isa = PBXBuildFile; fileRef = CF5467D2233349C700F75DDB /* ReportView.swift */; };
		CF54686523346E6A00F75DDB /* ListView.swift in Sources */ = {isa = PBXBuildFile; fileRef = CF54686423346E6A00F75DDB /* ListView.swift */; };
		CF5468682334DD3800F75DDB /* ListViewCell.swift in Sources */ = {isa = PBXBuildFile; fileRef = CF5468672334DD3800F75DDB /* ListViewCell.swift */; };
		CF58BA1C2340DC4C00389D54 /* UserInfoData.swift in Sources */ = {isa = PBXBuildFile; fileRef = CF58BA1B2340DC4C00389D54 /* UserInfoData.swift */; };
		CF58BA1E234131A900389D54 /* UserInfoManager.swift in Sources */ = {isa = PBXBuildFile; fileRef = CF58BA1D234131A900389D54 /* UserInfoManager.swift */; };
		CF58BA2023413D2000389D54 /* ReportDataManager.swift in Sources */ = {isa = PBXBuildFile; fileRef = CF58BA1F23413D2000389D54 /* ReportDataManager.swift */; };
		CF5E7EE023376BB40069235C /* CategoryCell.swift in Sources */ = {isa = PBXBuildFile; fileRef = CF5E7EDF23376BB40069235C /* CategoryCell.swift */; };
		CF5E7EE42337DC010069235C /* ExtensionAlertController.swift in Sources */ = {isa = PBXBuildFile; fileRef = CF5E7EE32337DC010069235C /* ExtensionAlertController.swift */; };
		CF5E7EE72337E1A20069235C /* RequestDetailViewController.swift in Sources */ = {isa = PBXBuildFile; fileRef = CF5E7EE62337E1A20069235C /* RequestDetailViewController.swift */; };
		CF5E7EE92337E1AC0069235C /* RequestDetailView.swift in Sources */ = {isa = PBXBuildFile; fileRef = CF5E7EE82337E1AC0069235C /* RequestDetailView.swift */; };
		CF5E7EEB23385B080069235C /* RequestDetailCell.swift in Sources */ = {isa = PBXBuildFile; fileRef = CF5E7EEA23385B080069235C /* RequestDetailCell.swift */; };
		CF5E7EED233863A80069235C /* ExtensionCGFloat.swift in Sources */ = {isa = PBXBuildFile; fileRef = CF5E7EEC233863A80069235C /* ExtensionCGFloat.swift */; };
		CF687998233B1EE300F2A159 /* SplashViewController.swift in Sources */ = {isa = PBXBuildFile; fileRef = CF687997233B1EE300F2A159 /* SplashViewController.swift */; };
		CF68799A233B1F2900F2A159 /* NetwrokService.swift in Sources */ = {isa = PBXBuildFile; fileRef = CF687999233B1F2900F2A159 /* NetwrokService.swift */; };
		CF68799C233B1F4100F2A159 /* CategoryData.swift in Sources */ = {isa = PBXBuildFile; fileRef = CF68799B233B1F4100F2A159 /* CategoryData.swift */; };
		CF68799E233B1FB300F2A159 /* IncidentDataManager.swift in Sources */ = {isa = PBXBuildFile; fileRef = CF68799D233B1FB300F2A159 /* IncidentDataManager.swift */; };
		CF6879A0233B1FBF00F2A159 /* CategoryDataManager.swift in Sources */ = {isa = PBXBuildFile; fileRef = CF68799F233B1FBF00F2A159 /* CategoryDataManager.swift */; };
		CF6879A3233B20C300F2A159 /* MapCell.swift in Sources */ = {isa = PBXBuildFile; fileRef = CF6879A2233B20C300F2A159 /* MapCell.swift */; };
		CF6879A5233B20D200F2A159 /* TitleCell.swift in Sources */ = {isa = PBXBuildFile; fileRef = CF6879A4233B20D200F2A159 /* TitleCell.swift */; };
		CF6879A7233B20DF00F2A159 /* ExtraInformationCell.swift in Sources */ = {isa = PBXBuildFile; fileRef = CF6879A6233B20DF00F2A159 /* ExtraInformationCell.swift */; };
		CF6879A9233B20EE00F2A159 /* OccurredTimeCell.swift in Sources */ = {isa = PBXBuildFile; fileRef = CF6879A8233B20EE00F2A159 /* OccurredTimeCell.swift */; };
		CF6879AB233B210000F2A159 /* AttatchedFileCell.swift in Sources */ = {isa = PBXBuildFile; fileRef = CF6879AA233B210000F2A159 /* AttatchedFileCell.swift */; };
		CF6879AD233B210B00F2A159 /* ContentsCell.swift in Sources */ = {isa = PBXBuildFile; fileRef = CF6879AC233B210B00F2A159 /* ContentsCell.swift */; };
		CF79718A233D9CFF008DC550 /* ReportData.swift in Sources */ = {isa = PBXBuildFile; fileRef = CF797189233D9CFF008DC550 /* ReportData.swift */; };
		CFC1731C233EF0A00053872B /* TestIncidentData.swift in Sources */ = {isa = PBXBuildFile; fileRef = CFC1731B233EF0A00053872B /* TestIncidentData.swift */; };
		CFC1731E233F359A0053872B /* ExtensionDate.swift in Sources */ = {isa = PBXBuildFile; fileRef = CFC1731D233F359A0053872B /* ExtensionDate.swift */; };
		CFC17320233F4B2C0053872B /* ExtensionString.swift in Sources */ = {isa = PBXBuildFile; fileRef = CFC1731F233F4B2C0053872B /* ExtensionString.swift */; };
		CFF55C26233CE43F00FEF380 /* RequestDetailHelpCell.swift in Sources */ = {isa = PBXBuildFile; fileRef = CFF55C25233CE43F00FEF380 /* RequestDetailHelpCell.swift */; };
/* End PBXBuildFile section */

/* Begin PBXFileReference section */
		4F87FFCE232896D20094CCD0 /* SettingGuideView.swift */ = {isa = PBXFileReference; lastKnownFileType = sourcecode.swift; path = SettingGuideView.swift; sourceTree = "<group>"; };
		4F87FFDC2337886F0094CCD0 /* SettingDocumentCell.swift */ = {isa = PBXFileReference; lastKnownFileType = sourcecode.swift; path = SettingDocumentCell.swift; sourceTree = "<group>"; };
		4F87FFDE2338CD9E0094CCD0 /* SettingRequestViewController.swift */ = {isa = PBXFileReference; lastKnownFileType = sourcecode.swift; path = SettingRequestViewController.swift; sourceTree = "<group>"; };
		4F87FFE22339C6D60094CCD0 /* RestroomCreateViewController.swift */ = {isa = PBXFileReference; lastKnownFileType = sourcecode.swift; path = RestroomCreateViewController.swift; sourceTree = "<group>"; };
		4F87FFE8233AF5C60094CCD0 /* RequestCreateAddressCell.swift */ = {isa = PBXFileReference; lastKnownFileType = sourcecode.swift; path = RequestCreateAddressCell.swift; sourceTree = "<group>"; };
		4F87FFEC233AFC860094CCD0 /* RequestCreateTextAddCell.swift */ = {isa = PBXFileReference; lastKnownFileType = sourcecode.swift; path = RequestCreateTextAddCell.swift; sourceTree = "<group>"; };
		4F87FFF0233B190E0094CCD0 /* RequestCreateViewController.swift */ = {isa = PBXFileReference; lastKnownFileType = sourcecode.swift; path = RequestCreateViewController.swift; sourceTree = "<group>"; };
		4F87FFF2233B380F0094CCD0 /* RequestCreatePoliceStationCell.swift */ = {isa = PBXFileReference; lastKnownFileType = sourcecode.swift; path = RequestCreatePoliceStationCell.swift; sourceTree = "<group>"; };
		4F87FFF4233B8BC10094CCD0 /* LoginVC.swift */ = {isa = PBXFileReference; lastKnownFileType = sourcecode.swift; path = LoginVC.swift; sourceTree = "<group>"; };
		4F87FFF6233B8C220094CCD0 /* TextAddView.swift */ = {isa = PBXFileReference; lastKnownFileType = sourcecode.swift; path = TextAddView.swift; sourceTree = "<group>"; };
		4F87FFF8233B914A0094CCD0 /* SignupVC.swift */ = {isa = PBXFileReference; lastKnownFileType = sourcecode.swift; path = SignupVC.swift; sourceTree = "<group>"; };
		4F87FFFB233EF4F40094CCD0 /* PointCardCell.swift */ = {isa = PBXFileReference; lastKnownFileType = sourcecode.swift; path = PointCardCell.swift; sourceTree = "<group>"; };
		4F87FFFD233EF6BC0094CCD0 /* PointStampCell.swift */ = {isa = PBXFileReference; lastKnownFileType = sourcecode.swift; path = PointStampCell.swift; sourceTree = "<group>"; };
		4F87FFFF233EF8AA0094CCD0 /* PointCouponCell.swift */ = {isa = PBXFileReference; lastKnownFileType = sourcecode.swift; path = PointCouponCell.swift; sourceTree = "<group>"; };
		4FF96698230C032600E869FF /* FirstCitizen.app */ = {isa = PBXFileReference; explicitFileType = wrapper.application; includeInIndex = 0; path = FirstCitizen.app; sourceTree = BUILT_PRODUCTS_DIR; };
		4FF9669B230C032600E869FF /* AppDelegate.swift */ = {isa = PBXFileReference; lastKnownFileType = sourcecode.swift; path = AppDelegate.swift; sourceTree = "<group>"; };
		4FF966A0230C032600E869FF /* Base */ = {isa = PBXFileReference; lastKnownFileType = file.storyboard; name = Base; path = Base.lproj/Main.storyboard; sourceTree = "<group>"; };
		4FF966A5230C032700E869FF /* Base */ = {isa = PBXFileReference; lastKnownFileType = file.storyboard; name = Base; path = Base.lproj/LaunchScreen.storyboard; sourceTree = "<group>"; };
		4FF966A7230C032700E869FF /* Info.plist */ = {isa = PBXFileReference; lastKnownFileType = text.plist.xml; path = Info.plist; sourceTree = "<group>"; };
		4FF966AE230C043B00E869FF /* MainTabBarController.swift */ = {isa = PBXFileReference; lastKnownFileType = sourcecode.swift; path = MainTabBarController.swift; sourceTree = "<group>"; };
		4FF966B3230C07E300E869FF /* PointViewController.swift */ = {isa = PBXFileReference; lastKnownFileType = sourcecode.swift; path = PointViewController.swift; sourceTree = "<group>"; };
		4FF966B5230C07EB00E869FF /* MapViewController.swift */ = {isa = PBXFileReference; lastKnownFileType = sourcecode.swift; path = MapViewController.swift; sourceTree = "<group>"; };
		4FF966B7230C07F200E869FF /* ListViewController.swift */ = {isa = PBXFileReference; lastKnownFileType = sourcecode.swift; path = ListViewController.swift; sourceTree = "<group>"; };
		4FF966B9230C07F900E869FF /* SettingViewController.swift */ = {isa = PBXFileReference; lastKnownFileType = sourcecode.swift; path = SettingViewController.swift; sourceTree = "<group>"; };
		4FF966BC230C087400E869FF /* TabBarButtonView.swift */ = {isa = PBXFileReference; lastKnownFileType = sourcecode.swift; path = TabBarButtonView.swift; sourceTree = "<group>"; };
		4FF966BE230C1B5B00E869FF /* MapView.swift */ = {isa = PBXFileReference; lastKnownFileType = sourcecode.swift; path = MapView.swift; sourceTree = "<group>"; };
		4FF966C1230C25FE00E869FF /* ExtensionFont.swift */ = {isa = PBXFileReference; lastKnownFileType = sourcecode.swift; path = ExtensionFont.swift; sourceTree = "<group>"; };
		4FF966C3230C28E800E869FF /* PointView.swift */ = {isa = PBXFileReference; lastKnownFileType = sourcecode.swift; path = PointView.swift; sourceTree = "<group>"; };
		4FF966C5230C31AE00E869FF /* ExtensionColor.swift */ = {isa = PBXFileReference; lastKnownFileType = sourcecode.swift; path = ExtensionColor.swift; sourceTree = "<group>"; };
		4FF966C7230C345E00E869FF /* ExtensionView.swift */ = {isa = PBXFileReference; lastKnownFileType = sourcecode.swift; path = ExtensionView.swift; sourceTree = "<group>"; };
		4FF966CD230C49AB00E869FF /* Assets.xcassets */ = {isa = PBXFileReference; lastKnownFileType = folder.assetcatalog; path = Assets.xcassets; sourceTree = "<group>"; };
		4FF966D3230C706800E869FF /* SettingProfileCell.swift */ = {isa = PBXFileReference; lastKnownFileType = sourcecode.swift; path = SettingProfileCell.swift; sourceTree = "<group>"; };
		50CCF6F72520B16B5901678A /* Pods_FirstCitizen.framework */ = {isa = PBXFileReference; explicitFileType = wrapper.framework; includeInIndex = 0; path = Pods_FirstCitizen.framework; sourceTree = BUILT_PRODUCTS_DIR; };
		52124089233B9599002C99AD /* LocationWithMap.swift */ = {isa = PBXFileReference; lastKnownFileType = sourcecode.swift; path = LocationWithMap.swift; sourceTree = "<group>"; };
		5257B2A7234130BA0083AC04 /* ImagePickerCell.swift */ = {isa = PBXFileReference; lastKnownFileType = sourcecode.swift; path = ImagePickerCell.swift; sourceTree = "<group>"; };
		527E38F323321C1000C01EC7 /* ExtensionUIImage.swift */ = {isa = PBXFileReference; lastKnownFileType = sourcecode.swift; path = ExtensionUIImage.swift; sourceTree = "<group>"; };
		527E38F52332958700C01EC7 /* TestData.swift */ = {isa = PBXFileReference; lastKnownFileType = sourcecode.swift; path = TestData.swift; sourceTree = "<group>"; };
		52E4AC7723416BB800D3F427 /* SearchTableCell.swift */ = {isa = PBXFileReference; lastKnownFileType = sourcecode.swift; path = SearchTableCell.swift; sourceTree = "<group>"; };
		52E4AC7923416BD400D3F427 /* LocationWithAddVC.swift */ = {isa = PBXFileReference; lastKnownFileType = sourcecode.swift; path = LocationWithAddVC.swift; sourceTree = "<group>"; };
		52E4AC7B23417FD000D3F427 /* NaverAdd.swift */ = {isa = PBXFileReference; lastKnownFileType = sourcecode.swift; path = NaverAdd.swift; sourceTree = "<group>"; };
		52EA1ABC233E8E0900244D29 /* RequestData.swift */ = {isa = PBXFileReference; lastKnownFileType = sourcecode.swift; path = RequestData.swift; sourceTree = "<group>"; };
		52EA1AD2233FDE7300244D29 /* ImageCell.swift */ = {isa = PBXFileReference; lastKnownFileType = sourcecode.swift; path = ImageCell.swift; sourceTree = "<group>"; };
		80EA8319B751197666F7ABE9 /* Pods-FirstCitizen.release.xcconfig */ = {isa = PBXFileReference; includeInIndex = 1; lastKnownFileType = text.xcconfig; name = "Pods-FirstCitizen.release.xcconfig"; path = "Target Support Files/Pods-FirstCitizen/Pods-FirstCitizen.release.xcconfig"; sourceTree = "<group>"; };
		A49A9086C3D192F57DEDDDD6 /* Pods-FirstCitizen.debug.xcconfig */ = {isa = PBXFileReference; includeInIndex = 1; lastKnownFileType = text.xcconfig; name = "Pods-FirstCitizen.debug.xcconfig"; path = "Target Support Files/Pods-FirstCitizen/Pods-FirstCitizen.debug.xcconfig"; sourceTree = "<group>"; };
		CF1E09D223275860006E9537 /* IncidentViewController.swift */ = {isa = PBXFileReference; lastKnownFileType = sourcecode.swift; path = IncidentViewController.swift; sourceTree = "<group>"; };
		CF1E09D423275891006E9537 /* IncidentView.swift */ = {isa = PBXFileReference; lastKnownFileType = sourcecode.swift; path = IncidentView.swift; sourceTree = "<group>"; };
		CF1E09D723275F33006E9537 /* IncidentCell.swift */ = {isa = PBXFileReference; lastKnownFileType = sourcecode.swift; path = IncidentCell.swift; sourceTree = "<group>"; };
		CF388F7D232FAE5900DA6A1C /* IncidentData.swift */ = {isa = PBXFileReference; lastKnownFileType = sourcecode.swift; path = IncidentData.swift; sourceTree = "<group>"; };
		CF388F80232FCD0000DA6A1C /* ApiUrl.swift */ = {isa = PBXFileReference; lastKnownFileType = sourcecode.swift; path = ApiUrl.swift; sourceTree = "<group>"; };
		CF388F8223306EE700DA6A1C /* DetailIncidentData.swift */ = {isa = PBXFileReference; lastKnownFileType = sourcecode.swift; path = DetailIncidentData.swift; sourceTree = "<group>"; };
		CF5467D0233349BC00F75DDB /* ReportViewController.swift */ = {isa = PBXFileReference; lastKnownFileType = sourcecode.swift; path = ReportViewController.swift; sourceTree = "<group>"; };
		CF5467D2233349C700F75DDB /* ReportView.swift */ = {isa = PBXFileReference; lastKnownFileType = sourcecode.swift; path = ReportView.swift; sourceTree = "<group>"; };
		CF54686423346E6A00F75DDB /* ListView.swift */ = {isa = PBXFileReference; lastKnownFileType = sourcecode.swift; path = ListView.swift; sourceTree = "<group>"; };
		CF5468672334DD3800F75DDB /* ListViewCell.swift */ = {isa = PBXFileReference; lastKnownFileType = sourcecode.swift; path = ListViewCell.swift; sourceTree = "<group>"; };
		CF58BA1B2340DC4C00389D54 /* UserInfoData.swift */ = {isa = PBXFileReference; lastKnownFileType = sourcecode.swift; path = UserInfoData.swift; sourceTree = "<group>"; };
		CF58BA1D234131A900389D54 /* UserInfoManager.swift */ = {isa = PBXFileReference; lastKnownFileType = sourcecode.swift; path = UserInfoManager.swift; sourceTree = "<group>"; };
		CF58BA1F23413D2000389D54 /* ReportDataManager.swift */ = {isa = PBXFileReference; lastKnownFileType = sourcecode.swift; path = ReportDataManager.swift; sourceTree = "<group>"; };
		CF5E7EDF23376BB40069235C /* CategoryCell.swift */ = {isa = PBXFileReference; lastKnownFileType = sourcecode.swift; path = CategoryCell.swift; sourceTree = "<group>"; };
		CF5E7EE32337DC010069235C /* ExtensionAlertController.swift */ = {isa = PBXFileReference; lastKnownFileType = sourcecode.swift; path = ExtensionAlertController.swift; sourceTree = "<group>"; };
		CF5E7EE62337E1A20069235C /* RequestDetailViewController.swift */ = {isa = PBXFileReference; lastKnownFileType = sourcecode.swift; path = RequestDetailViewController.swift; sourceTree = "<group>"; };
		CF5E7EE82337E1AC0069235C /* RequestDetailView.swift */ = {isa = PBXFileReference; lastKnownFileType = sourcecode.swift; path = RequestDetailView.swift; sourceTree = "<group>"; };
		CF5E7EEA23385B080069235C /* RequestDetailCell.swift */ = {isa = PBXFileReference; lastKnownFileType = sourcecode.swift; path = RequestDetailCell.swift; sourceTree = "<group>"; };
		CF5E7EEC233863A80069235C /* ExtensionCGFloat.swift */ = {isa = PBXFileReference; lastKnownFileType = sourcecode.swift; path = ExtensionCGFloat.swift; sourceTree = "<group>"; };
		CF687997233B1EE300F2A159 /* SplashViewController.swift */ = {isa = PBXFileReference; lastKnownFileType = sourcecode.swift; path = SplashViewController.swift; sourceTree = "<group>"; };
		CF687999233B1F2900F2A159 /* NetwrokService.swift */ = {isa = PBXFileReference; lastKnownFileType = sourcecode.swift; path = NetwrokService.swift; sourceTree = "<group>"; };
		CF68799B233B1F4100F2A159 /* CategoryData.swift */ = {isa = PBXFileReference; lastKnownFileType = sourcecode.swift; path = CategoryData.swift; sourceTree = "<group>"; };
		CF68799D233B1FB300F2A159 /* IncidentDataManager.swift */ = {isa = PBXFileReference; lastKnownFileType = sourcecode.swift; path = IncidentDataManager.swift; sourceTree = "<group>"; };
		CF68799F233B1FBF00F2A159 /* CategoryDataManager.swift */ = {isa = PBXFileReference; lastKnownFileType = sourcecode.swift; path = CategoryDataManager.swift; sourceTree = "<group>"; };
		CF6879A2233B20C300F2A159 /* MapCell.swift */ = {isa = PBXFileReference; lastKnownFileType = sourcecode.swift; path = MapCell.swift; sourceTree = "<group>"; };
		CF6879A4233B20D200F2A159 /* TitleCell.swift */ = {isa = PBXFileReference; lastKnownFileType = sourcecode.swift; path = TitleCell.swift; sourceTree = "<group>"; };
		CF6879A6233B20DF00F2A159 /* ExtraInformationCell.swift */ = {isa = PBXFileReference; lastKnownFileType = sourcecode.swift; path = ExtraInformationCell.swift; sourceTree = "<group>"; };
		CF6879A8233B20EE00F2A159 /* OccurredTimeCell.swift */ = {isa = PBXFileReference; lastKnownFileType = sourcecode.swift; path = OccurredTimeCell.swift; sourceTree = "<group>"; };
		CF6879AA233B210000F2A159 /* AttatchedFileCell.swift */ = {isa = PBXFileReference; lastKnownFileType = sourcecode.swift; path = AttatchedFileCell.swift; sourceTree = "<group>"; };
		CF6879AC233B210B00F2A159 /* ContentsCell.swift */ = {isa = PBXFileReference; lastKnownFileType = sourcecode.swift; path = ContentsCell.swift; sourceTree = "<group>"; };
		CF797189233D9CFF008DC550 /* ReportData.swift */ = {isa = PBXFileReference; lastKnownFileType = sourcecode.swift; path = ReportData.swift; sourceTree = "<group>"; };
		CFC1731B233EF0A00053872B /* TestIncidentData.swift */ = {isa = PBXFileReference; lastKnownFileType = sourcecode.swift; path = TestIncidentData.swift; sourceTree = "<group>"; };
		CFC1731D233F359A0053872B /* ExtensionDate.swift */ = {isa = PBXFileReference; lastKnownFileType = sourcecode.swift; path = ExtensionDate.swift; sourceTree = "<group>"; };
		CFC1731F233F4B2C0053872B /* ExtensionString.swift */ = {isa = PBXFileReference; lastKnownFileType = sourcecode.swift; path = ExtensionString.swift; sourceTree = "<group>"; };
		CFF55C25233CE43F00FEF380 /* RequestDetailHelpCell.swift */ = {isa = PBXFileReference; lastKnownFileType = sourcecode.swift; path = RequestDetailHelpCell.swift; sourceTree = "<group>"; };
/* End PBXFileReference section */

/* Begin PBXFrameworksBuildPhase section */
		4FF96695230C032600E869FF /* Frameworks */ = {
			isa = PBXFrameworksBuildPhase;
			buildActionMask = 2147483647;
			files = (
				6B36858508F29EBE5EFE4F77 /* Pods_FirstCitizen.framework in Frameworks */,
			);
			runOnlyForDeploymentPostprocessing = 0;
		};
/* End PBXFrameworksBuildPhase section */

/* Begin PBXGroup section */
		4F87FFCD232896BB0094CCD0 /* Setting */ = {
			isa = PBXGroup;
			children = (
				4F87FFCE232896D20094CCD0 /* SettingGuideView.swift */,
				4F87FFE8233AF5C60094CCD0 /* RequestCreateAddressCell.swift */,
				4F87FFEC233AFC860094CCD0 /* RequestCreateTextAddCell.swift */,
				4F87FFF2233B380F0094CCD0 /* RequestCreatePoliceStationCell.swift */,
			);
			path = Setting;
			sourceTree = "<group>";
		};
		4F87FFFA233EF4BE0094CCD0 /* Point */ = {
			isa = PBXGroup;
			children = (
				4F87FFFB233EF4F40094CCD0 /* PointCardCell.swift */,
				4F87FFFD233EF6BC0094CCD0 /* PointStampCell.swift */,
				4F87FFFF233EF8AA0094CCD0 /* PointCouponCell.swift */,
			);
			path = Point;
			sourceTree = "<group>";
		};
		4FF9668F230C032600E869FF = {
			isa = PBXGroup;
			children = (
				4FF9669A230C032600E869FF /* FirstCitizen */,
				4FF96699230C032600E869FF /* Products */,
				8F1FFCC2FF97A93ECE0D65C7 /* Pods */,
				6BF0C2A65BCA8FC5FB2A8439 /* Frameworks */,
			);
			sourceTree = "<group>";
		};
		4FF96699230C032600E869FF /* Products */ = {
			isa = PBXGroup;
			children = (
				4FF96698230C032600E869FF /* FirstCitizen.app */,
			);
			name = Products;
			sourceTree = "<group>";
		};
		4FF9669A230C032600E869FF /* FirstCitizen */ = {
			isa = PBXGroup;
			children = (
				4FF9669B230C032600E869FF /* AppDelegate.swift */,
				CF687996233B1ECD00F2A159 /* Splash */,
				4FF966C0230C25EA00E869FF /* Extension */,
				CF388F7F232FCCEC00DA6A1C /* Network */,
				CF388F7C232FAE3800DA6A1C /* Data */,
				4FF966D1230C700C00E869FF /* Cell */,
				4FF966BB230C085F00E869FF /* View */,
				4FF966AD230C041500E869FF /* Controller */,
				4FF966CD230C49AB00E869FF /* Assets.xcassets */,
				4FF9669F230C032600E869FF /* Main.storyboard */,
				4FF966A4230C032700E869FF /* LaunchScreen.storyboard */,
				4FF966A7230C032700E869FF /* Info.plist */,
			);
			path = FirstCitizen;
			sourceTree = "<group>";
		};
		4FF966AD230C041500E869FF /* Controller */ = {
			isa = PBXGroup;
			children = (
				4FF966AE230C043B00E869FF /* MainTabBarController.swift */,
				CF0CF5102313911E004DF6A5 /* Login */,
				4FF966B2230C07A400E869FF /* Point */,
				4FF966B0230C074F00E869FF /* MapList */,
				CF1E09CF2326198A006E9537 /* Incident */,
				CF5E7EE52337E16A0069235C /* RequestDetail */,
				CF5467CF233349A600F75DDB /* Report */,
				4FF966B1230C079D00E869FF /* Setting */,
			);
			path = Controller;
			sourceTree = "<group>";
		};
		4FF966B0230C074F00E869FF /* MapList */ = {
			isa = PBXGroup;
			children = (
				4FF966B5230C07EB00E869FF /* MapViewController.swift */,
				4FF966BE230C1B5B00E869FF /* MapView.swift */,
				4FF966B7230C07F200E869FF /* ListViewController.swift */,
				CF54686423346E6A00F75DDB /* ListView.swift */,
				CF5E7EDF23376BB40069235C /* CategoryCell.swift */,
			);
			path = MapList;
			sourceTree = "<group>";
		};
		4FF966B1230C079D00E869FF /* Setting */ = {
			isa = PBXGroup;
			children = (
				5257B2A6234130960083AC04 /* Cell */,
				4FF966B9230C07F900E869FF /* SettingViewController.swift */,
				4F87FFDE2338CD9E0094CCD0 /* SettingRequestViewController.swift */,
				4F87FFE22339C6D60094CCD0 /* RestroomCreateViewController.swift */,
				4F87FFF0233B190E0094CCD0 /* RequestCreateViewController.swift */,
				52124089233B9599002C99AD /* LocationWithMap.swift */,
				52E4AC7623416AD400D3F427 /* LocationWIthAdd */,
			);
			path = Setting;
			sourceTree = "<group>";
		};
		4FF966B2230C07A400E869FF /* Point */ = {
			isa = PBXGroup;
			children = (
				4FF966B3230C07E300E869FF /* PointViewController.swift */,
			);
			path = Point;
			sourceTree = "<group>";
		};
		4FF966BB230C085F00E869FF /* View */ = {
			isa = PBXGroup;
			children = (
				4FF966BC230C087400E869FF /* TabBarButtonView.swift */,
				4FF966C3230C28E800E869FF /* PointView.swift */,
				4F87FFF6233B8C220094CCD0 /* TextAddView.swift */,
				4F87FFCD232896BB0094CCD0 /* Setting */,
			);
			path = View;
			sourceTree = "<group>";
		};
		4FF966C0230C25EA00E869FF /* Extension */ = {
			isa = PBXGroup;
			children = (
				4FF966C1230C25FE00E869FF /* ExtensionFont.swift */,
				527E38F323321C1000C01EC7 /* ExtensionUIImage.swift */,
				4FF966C5230C31AE00E869FF /* ExtensionColor.swift */,
				4FF966C7230C345E00E869FF /* ExtensionView.swift */,
				CF5E7EE32337DC010069235C /* ExtensionAlertController.swift */,
				CF5E7EEC233863A80069235C /* ExtensionCGFloat.swift */,
				CFC1731D233F359A0053872B /* ExtensionDate.swift */,
				CFC1731F233F4B2C0053872B /* ExtensionString.swift */,
			);
			path = Extension;
			sourceTree = "<group>";
		};
		4FF966D1230C700C00E869FF /* Cell */ = {
			isa = PBXGroup;
			children = (
				4F87FFFA233EF4BE0094CCD0 /* Point */,
				CF5468662334DD1C00F75DDB /* MapList */,
				CF1E09D623275F1D006E9537 /* Incident */,
				4FF966D5230C706C00E869FF /* Setting */,
			);
			path = Cell;
			sourceTree = "<group>";
		};
		4FF966D5230C706C00E869FF /* Setting */ = {
			isa = PBXGroup;
			children = (
				4FF966D3230C706800E869FF /* SettingProfileCell.swift */,
				4F87FFDC2337886F0094CCD0 /* SettingDocumentCell.swift */,
			);
			path = Setting;
			sourceTree = "<group>";
		};
		5257B2A6234130960083AC04 /* Cell */ = {
			isa = PBXGroup;
			children = (
				5257B2A7234130BA0083AC04 /* ImagePickerCell.swift */,
			);
			path = Cell;
			sourceTree = "<group>";
		};
		52E4AC7623416AD400D3F427 /* LocationWIthAdd */ = {
			isa = PBXGroup;
			children = (
				52E4AC7723416BB800D3F427 /* SearchTableCell.swift */,
				52E4AC7923416BD400D3F427 /* LocationWithAddVC.swift */,
			);
			path = LocationWIthAdd;
			sourceTree = "<group>";
		};
		52EA1AC3233FC7C700244D29 /* Cell */ = {
			isa = PBXGroup;
			children = (
				52EA1AD2233FDE7300244D29 /* ImageCell.swift */,
			);
			path = Cell;
			sourceTree = "<group>";
		};
		6BF0C2A65BCA8FC5FB2A8439 /* Frameworks */ = {
			isa = PBXGroup;
			children = (
				50CCF6F72520B16B5901678A /* Pods_FirstCitizen.framework */,
			);
			name = Frameworks;
			sourceTree = "<group>";
		};
		8F1FFCC2FF97A93ECE0D65C7 /* Pods */ = {
			isa = PBXGroup;
			children = (
				A49A9086C3D192F57DEDDDD6 /* Pods-FirstCitizen.debug.xcconfig */,
				80EA8319B751197666F7ABE9 /* Pods-FirstCitizen.release.xcconfig */,
			);
			path = Pods;
			sourceTree = "<group>";
		};
		CF0CF5102313911E004DF6A5 /* Login */ = {
			isa = PBXGroup;
			children = (
				4F87FFF4233B8BC10094CCD0 /* LoginVC.swift */,
				4F87FFF8233B914A0094CCD0 /* SignupVC.swift */,
			);
			path = Login;
			sourceTree = "<group>";
		};
		CF1E09CF2326198A006E9537 /* Incident */ = {
			isa = PBXGroup;
			children = (
				CF1E09D223275860006E9537 /* IncidentViewController.swift */,
				CF1E09D423275891006E9537 /* IncidentView.swift */,
				CF6879A1233B20A400F2A159 /* IncidentViewCells */,
			);
			path = Incident;
			sourceTree = "<group>";
		};
		CF1E09D623275F1D006E9537 /* Incident */ = {
			isa = PBXGroup;
			children = (
				CF1E09D723275F33006E9537 /* IncidentCell.swift */,
			);
			path = Incident;
			sourceTree = "<group>";
		};
		CF388F7C232FAE3800DA6A1C /* Data */ = {
			isa = PBXGroup;
			children = (
				CF68799B233B1F4100F2A159 /* CategoryData.swift */,
				CF388F7D232FAE5900DA6A1C /* IncidentData.swift */,
				CFC1731B233EF0A00053872B /* TestIncidentData.swift */,
				527E38F52332958700C01EC7 /* TestData.swift */,
				CF388F8223306EE700DA6A1C /* DetailIncidentData.swift */,
				CF68799D233B1FB300F2A159 /* IncidentDataManager.swift */,
				CF68799F233B1FBF00F2A159 /* CategoryDataManager.swift */,
				CF797189233D9CFF008DC550 /* ReportData.swift */,
				CF58BA1F23413D2000389D54 /* ReportDataManager.swift */,
				52EA1ABC233E8E0900244D29 /* RequestData.swift */,
				CF58BA1B2340DC4C00389D54 /* UserInfoData.swift */,
				CF58BA1D234131A900389D54 /* UserInfoManager.swift */,
				52E4AC7B23417FD000D3F427 /* NaverAdd.swift */,
			);
			path = Data;
			sourceTree = "<group>";
		};
		CF388F7F232FCCEC00DA6A1C /* Network */ = {
			isa = PBXGroup;
			children = (
				CF388F80232FCD0000DA6A1C /* ApiUrl.swift */,
				CF687999233B1F2900F2A159 /* NetwrokService.swift */,
			);
			path = Network;
			sourceTree = "<group>";
		};
		CF5467CF233349A600F75DDB /* Report */ = {
			isa = PBXGroup;
			children = (
				52EA1AC3233FC7C700244D29 /* Cell */,
				CF5467D0233349BC00F75DDB /* ReportViewController.swift */,
				CF5467D2233349C700F75DDB /* ReportView.swift */,
			);
			path = Report;
			sourceTree = "<group>";
		};
		CF5468662334DD1C00F75DDB /* MapList */ = {
			isa = PBXGroup;
			children = (
				CF5468672334DD3800F75DDB /* ListViewCell.swift */,
			);
			path = MapList;
			sourceTree = "<group>";
		};
		CF5E7EE52337E16A0069235C /* RequestDetail */ = {
			isa = PBXGroup;
			children = (
				CF5E7EE62337E1A20069235C /* RequestDetailViewController.swift */,
				CF5E7EE82337E1AC0069235C /* RequestDetailView.swift */,
				CF5E7EEA23385B080069235C /* RequestDetailCell.swift */,
				CFF55C25233CE43F00FEF380 /* RequestDetailHelpCell.swift */,
			);
			path = RequestDetail;
			sourceTree = "<group>";
		};
		CF687996233B1ECD00F2A159 /* Splash */ = {
			isa = PBXGroup;
			children = (
				CF687997233B1EE300F2A159 /* SplashViewController.swift */,
			);
			path = Splash;
			sourceTree = "<group>";
		};
		CF6879A1233B20A400F2A159 /* IncidentViewCells */ = {
			isa = PBXGroup;
			children = (
				CF6879A2233B20C300F2A159 /* MapCell.swift */,
				CF6879A4233B20D200F2A159 /* TitleCell.swift */,
				CF6879A6233B20DF00F2A159 /* ExtraInformationCell.swift */,
				CF6879A8233B20EE00F2A159 /* OccurredTimeCell.swift */,
				CF6879AA233B210000F2A159 /* AttatchedFileCell.swift */,
				CF6879AC233B210B00F2A159 /* ContentsCell.swift */,
			);
			path = IncidentViewCells;
			sourceTree = "<group>";
		};
/* End PBXGroup section */

/* Begin PBXNativeTarget section */
		4FF96697230C032600E869FF /* FirstCitizen */ = {
			isa = PBXNativeTarget;
			buildConfigurationList = 4FF966AA230C032700E869FF /* Build configuration list for PBXNativeTarget "FirstCitizen" */;
			buildPhases = (
				DDC6A5134CE50D5C332C5149 /* [CP] Check Pods Manifest.lock */,
				4FF96694230C032600E869FF /* Sources */,
				4FF96695230C032600E869FF /* Frameworks */,
				4FF96696230C032600E869FF /* Resources */,
				5301BE469A03FD61A92214A0 /* [CP] Embed Pods Frameworks */,
			);
			buildRules = (
			);
			dependencies = (
			);
			name = FirstCitizen;
			productName = FirstCitizen;
			productReference = 4FF96698230C032600E869FF /* FirstCitizen.app */;
			productType = "com.apple.product-type.application";
		};
/* End PBXNativeTarget section */

/* Begin PBXProject section */
		4FF96690230C032600E869FF /* Project object */ = {
			isa = PBXProject;
			attributes = {
				LastSwiftUpdateCheck = 1030;
				LastUpgradeCheck = 1030;
				ORGANIZATIONNAME = Kira;
				TargetAttributes = {
					4FF96697230C032600E869FF = {
						CreatedOnToolsVersion = 10.3;
					};
				};
			};
			buildConfigurationList = 4FF96693230C032600E869FF /* Build configuration list for PBXProject "FirstCitizen" */;
			compatibilityVersion = "Xcode 9.3";
			developmentRegion = en;
			hasScannedForEncodings = 0;
			knownRegions = (
				en,
				Base,
			);
			mainGroup = 4FF9668F230C032600E869FF;
			productRefGroup = 4FF96699230C032600E869FF /* Products */;
			projectDirPath = "";
			projectRoot = "";
			targets = (
				4FF96697230C032600E869FF /* FirstCitizen */,
			);
		};
/* End PBXProject section */

/* Begin PBXResourcesBuildPhase section */
		4FF96696230C032600E869FF /* Resources */ = {
			isa = PBXResourcesBuildPhase;
			buildActionMask = 2147483647;
			files = (
				4FF966A6230C032700E869FF /* LaunchScreen.storyboard in Resources */,
				4FF966CE230C49AB00E869FF /* Assets.xcassets in Resources */,
				4FF966A1230C032600E869FF /* Main.storyboard in Resources */,
			);
			runOnlyForDeploymentPostprocessing = 0;
		};
/* End PBXResourcesBuildPhase section */

/* Begin PBXShellScriptBuildPhase section */
		5301BE469A03FD61A92214A0 /* [CP] Embed Pods Frameworks */ = {
			isa = PBXShellScriptBuildPhase;
			buildActionMask = 2147483647;
			files = (
			);
			inputFileListPaths = (
				"${PODS_ROOT}/Target Support Files/Pods-FirstCitizen/Pods-FirstCitizen-frameworks-${CONFIGURATION}-input-files.xcfilelist",
			);
			name = "[CP] Embed Pods Frameworks";
			outputFileListPaths = (
				"${PODS_ROOT}/Target Support Files/Pods-FirstCitizen/Pods-FirstCitizen-frameworks-${CONFIGURATION}-output-files.xcfilelist",
			);
			runOnlyForDeploymentPostprocessing = 0;
			shellPath = /bin/sh;
			shellScript = "\"${PODS_ROOT}/Target Support Files/Pods-FirstCitizen/Pods-FirstCitizen-frameworks.sh\"\n";
			showEnvVarsInLog = 0;
		};
		DDC6A5134CE50D5C332C5149 /* [CP] Check Pods Manifest.lock */ = {
			isa = PBXShellScriptBuildPhase;
			buildActionMask = 2147483647;
			files = (
			);
			inputFileListPaths = (
			);
			inputPaths = (
				"${PODS_PODFILE_DIR_PATH}/Podfile.lock",
				"${PODS_ROOT}/Manifest.lock",
			);
			name = "[CP] Check Pods Manifest.lock";
			outputFileListPaths = (
			);
			outputPaths = (
				"$(DERIVED_FILE_DIR)/Pods-FirstCitizen-checkManifestLockResult.txt",
			);
			runOnlyForDeploymentPostprocessing = 0;
			shellPath = /bin/sh;
			shellScript = "diff \"${PODS_PODFILE_DIR_PATH}/Podfile.lock\" \"${PODS_ROOT}/Manifest.lock\" > /dev/null\nif [ $? != 0 ] ; then\n    # print error to STDERR\n    echo \"error: The sandbox is not in sync with the Podfile.lock. Run 'pod install' or update your CocoaPods installation.\" >&2\n    exit 1\nfi\n# This output is used by Xcode 'outputs' to avoid re-running this script phase.\necho \"SUCCESS\" > \"${SCRIPT_OUTPUT_FILE_0}\"\n";
			showEnvVarsInLog = 0;
		};
/* End PBXShellScriptBuildPhase section */

/* Begin PBXSourcesBuildPhase section */
		4FF96694230C032600E869FF /* Sources */ = {
			isa = PBXSourcesBuildPhase;
			buildActionMask = 2147483647;
			files = (
				4FF966BD230C087400E869FF /* TabBarButtonView.swift in Sources */,
				4FF966BF230C1B5B00E869FF /* MapView.swift in Sources */,
				CF5E7EE023376BB40069235C /* CategoryCell.swift in Sources */,
				527E38F62332958700C01EC7 /* TestData.swift in Sources */,
				CF687998233B1EE300F2A159 /* SplashViewController.swift in Sources */,
				CFC17320233F4B2C0053872B /* ExtensionString.swift in Sources */,
				4F87FFE32339C6D60094CCD0 /* RestroomCreateViewController.swift in Sources */,
				52E4AC7A23416BD400D3F427 /* LocationWithAddVC.swift in Sources */,
				CFF55C26233CE43F00FEF380 /* RequestDetailHelpCell.swift in Sources */,
				4F87FFF3233B380F0094CCD0 /* RequestCreatePoliceStationCell.swift in Sources */,
				4F870000233EF8AA0094CCD0 /* PointCouponCell.swift in Sources */,
				CF6879AB233B210000F2A159 /* AttatchedFileCell.swift in Sources */,
				4FF966B4230C07E300E869FF /* PointViewController.swift in Sources */,
				4F87FFDF2338CD9E0094CCD0 /* SettingRequestViewController.swift in Sources */,
				5257B2A8234130BA0083AC04 /* ImagePickerCell.swift in Sources */,
				4F87FFED233AFC860094CCD0 /* RequestCreateTextAddCell.swift in Sources */,
				CF5E7EE92337E1AC0069235C /* RequestDetailView.swift in Sources */,
				4F87FFF5233B8BC10094CCD0 /* LoginVC.swift in Sources */,
				CF388F8323306EE700DA6A1C /* DetailIncidentData.swift in Sources */,
				CF1E09D523275891006E9537 /* IncidentView.swift in Sources */,
				CF6879A5233B20D200F2A159 /* TitleCell.swift in Sources */,
				4F87FFF1233B190E0094CCD0 /* RequestCreateViewController.swift in Sources */,
				CF5E7EE72337E1A20069235C /* RequestDetailViewController.swift in Sources */,
				4FF966C6230C31AE00E869FF /* ExtensionColor.swift in Sources */,
				4FF966AF230C043B00E869FF /* MainTabBarController.swift in Sources */,
				CF58BA2023413D2000389D54 /* ReportDataManager.swift in Sources */,
				4FF9669C230C032600E869FF /* AppDelegate.swift in Sources */,
				CFC1731E233F359A0053872B /* ExtensionDate.swift in Sources */,
				52EA1ABD233E8E0900244D29 /* RequestData.swift in Sources */,
				52E4AC7C23417FD000D3F427 /* NaverAdd.swift in Sources */,
				CF6879A7233B20DF00F2A159 /* ExtraInformationCell.swift in Sources */,
				4FF966C4230C28E800E869FF /* PointView.swift in Sources */,
				CF388F81232FCD0000DA6A1C /* ApiUrl.swift in Sources */,
				CF5468682334DD3800F75DDB /* ListViewCell.swift in Sources */,
				4F87FFF7233B8C220094CCD0 /* TextAddView.swift in Sources */,
				4FF966B8230C07F200E869FF /* ListViewController.swift in Sources */,
				CF54686523346E6A00F75DDB /* ListView.swift in Sources */,
				CF58BA1E234131A900389D54 /* UserInfoManager.swift in Sources */,
				CF1E09D323275860006E9537 /* IncidentViewController.swift in Sources */,
				4FF966C2230C25FE00E869FF /* ExtensionFont.swift in Sources */,
				CF68799E233B1FB300F2A159 /* IncidentDataManager.swift in Sources */,
				4F87FFF9233B914A0094CCD0 /* SignupVC.swift in Sources */,
				CF79718A233D9CFF008DC550 /* ReportData.swift in Sources */,
				CF68799A233B1F2900F2A159 /* NetwrokService.swift in Sources */,
				CF6879A0233B1FBF00F2A159 /* CategoryDataManager.swift in Sources */,
				CF58BA1C2340DC4C00389D54 /* UserInfoData.swift in Sources */,
				52E4AC7823416BB800D3F427 /* SearchTableCell.swift in Sources */,
				CF6879AD233B210B00F2A159 /* ContentsCell.swift in Sources */,
				527E38F423321C1000C01EC7 /* ExtensionUIImage.swift in Sources */,
				4F87FFCF232896D20094CCD0 /* SettingGuideView.swift in Sources */,
				4F87FFDD2337886F0094CCD0 /* SettingDocumentCell.swift in Sources */,
				CF388F7E232FAE5900DA6A1C /* IncidentData.swift in Sources */,
				CF1E09D823275F33006E9537 /* IncidentCell.swift in Sources */,
				CF5467D3233349C700F75DDB /* ReportView.swift in Sources */,
				CF6879A3233B20C300F2A159 /* MapCell.swift in Sources */,
				CF5E7EE42337DC010069235C /* ExtensionAlertController.swift in Sources */,
				52EA1AD3233FDE7300244D29 /* ImageCell.swift in Sources */,
				5212408A233B9599002C99AD /* LocationWithMap.swift in Sources */,
				CF68799C233B1F4100F2A159 /* CategoryData.swift in Sources */,
				4F87FFFC233EF4F40094CCD0 /* PointCardCell.swift in Sources */,
				4FF966D4230C706800E869FF /* SettingProfileCell.swift in Sources */,
				4F87FFE9233AF5C60094CCD0 /* RequestCreateAddressCell.swift in Sources */,
				CF5467D1233349BC00F75DDB /* ReportViewController.swift in Sources */,
				CFC1731C233EF0A00053872B /* TestIncidentData.swift in Sources */,
				CF5E7EEB23385B080069235C /* RequestDetailCell.swift in Sources */,
				4FF966B6230C07EB00E869FF /* MapViewController.swift in Sources */,
				4FF966C8230C345E00E869FF /* ExtensionView.swift in Sources */,
				CF6879A9233B20EE00F2A159 /* OccurredTimeCell.swift in Sources */,
				CF5E7EED233863A80069235C /* ExtensionCGFloat.swift in Sources */,
				4F87FFFE233EF6BC0094CCD0 /* PointStampCell.swift in Sources */,
				4FF966BA230C07F900E869FF /* SettingViewController.swift in Sources */,
			);
			runOnlyForDeploymentPostprocessing = 0;
		};
/* End PBXSourcesBuildPhase section */

/* Begin PBXVariantGroup section */
		4FF9669F230C032600E869FF /* Main.storyboard */ = {
			isa = PBXVariantGroup;
			children = (
				4FF966A0230C032600E869FF /* Base */,
			);
			name = Main.storyboard;
			sourceTree = "<group>";
		};
		4FF966A4230C032700E869FF /* LaunchScreen.storyboard */ = {
			isa = PBXVariantGroup;
			children = (
				4FF966A5230C032700E869FF /* Base */,
			);
			name = LaunchScreen.storyboard;
			sourceTree = "<group>";
		};
/* End PBXVariantGroup section */

/* Begin XCBuildConfiguration section */
		4FF966A8230C032700E869FF /* Debug */ = {
			isa = XCBuildConfiguration;
			buildSettings = {
				ALWAYS_SEARCH_USER_PATHS = NO;
				CLANG_ANALYZER_NONNULL = YES;
				CLANG_ANALYZER_NUMBER_OBJECT_CONVERSION = YES_AGGRESSIVE;
				CLANG_CXX_LANGUAGE_STANDARD = "gnu++14";
				CLANG_CXX_LIBRARY = "libc++";
				CLANG_ENABLE_MODULES = YES;
				CLANG_ENABLE_OBJC_ARC = YES;
				CLANG_ENABLE_OBJC_WEAK = YES;
				CLANG_WARN_BLOCK_CAPTURE_AUTORELEASING = YES;
				CLANG_WARN_BOOL_CONVERSION = YES;
				CLANG_WARN_COMMA = YES;
				CLANG_WARN_CONSTANT_CONVERSION = YES;
				CLANG_WARN_DEPRECATED_OBJC_IMPLEMENTATIONS = YES;
				CLANG_WARN_DIRECT_OBJC_ISA_USAGE = YES_ERROR;
				CLANG_WARN_DOCUMENTATION_COMMENTS = YES;
				CLANG_WARN_EMPTY_BODY = YES;
				CLANG_WARN_ENUM_CONVERSION = YES;
				CLANG_WARN_INFINITE_RECURSION = YES;
				CLANG_WARN_INT_CONVERSION = YES;
				CLANG_WARN_NON_LITERAL_NULL_CONVERSION = YES;
				CLANG_WARN_OBJC_IMPLICIT_RETAIN_SELF = YES;
				CLANG_WARN_OBJC_LITERAL_CONVERSION = YES;
				CLANG_WARN_OBJC_ROOT_CLASS = YES_ERROR;
				CLANG_WARN_RANGE_LOOP_ANALYSIS = YES;
				CLANG_WARN_STRICT_PROTOTYPES = YES;
				CLANG_WARN_SUSPICIOUS_MOVE = YES;
				CLANG_WARN_UNGUARDED_AVAILABILITY = YES_AGGRESSIVE;
				CLANG_WARN_UNREACHABLE_CODE = YES;
				CLANG_WARN__DUPLICATE_METHOD_MATCH = YES;
				CODE_SIGN_IDENTITY = "iPhone Developer";
				COPY_PHASE_STRIP = NO;
				DEBUG_INFORMATION_FORMAT = dwarf;
				ENABLE_STRICT_OBJC_MSGSEND = YES;
				ENABLE_TESTABILITY = YES;
				GCC_C_LANGUAGE_STANDARD = gnu11;
				GCC_DYNAMIC_NO_PIC = NO;
				GCC_NO_COMMON_BLOCKS = YES;
				GCC_OPTIMIZATION_LEVEL = 0;
				GCC_PREPROCESSOR_DEFINITIONS = (
					"DEBUG=1",
					"$(inherited)",
				);
				GCC_WARN_64_TO_32_BIT_CONVERSION = YES;
				GCC_WARN_ABOUT_RETURN_TYPE = YES_ERROR;
				GCC_WARN_UNDECLARED_SELECTOR = YES;
				GCC_WARN_UNINITIALIZED_AUTOS = YES_AGGRESSIVE;
				GCC_WARN_UNUSED_FUNCTION = YES;
				GCC_WARN_UNUSED_VARIABLE = YES;
				IPHONEOS_DEPLOYMENT_TARGET = 11.0;
				MTL_ENABLE_DEBUG_INFO = INCLUDE_SOURCE;
				MTL_FAST_MATH = YES;
				ONLY_ACTIVE_ARCH = YES;
				SDKROOT = iphoneos;
				SWIFT_ACTIVE_COMPILATION_CONDITIONS = DEBUG;
				SWIFT_OPTIMIZATION_LEVEL = "-Onone";
			};
			name = Debug;
		};
		4FF966A9230C032700E869FF /* Release */ = {
			isa = XCBuildConfiguration;
			buildSettings = {
				ALWAYS_SEARCH_USER_PATHS = NO;
				CLANG_ANALYZER_NONNULL = YES;
				CLANG_ANALYZER_NUMBER_OBJECT_CONVERSION = YES_AGGRESSIVE;
				CLANG_CXX_LANGUAGE_STANDARD = "gnu++14";
				CLANG_CXX_LIBRARY = "libc++";
				CLANG_ENABLE_MODULES = YES;
				CLANG_ENABLE_OBJC_ARC = YES;
				CLANG_ENABLE_OBJC_WEAK = YES;
				CLANG_WARN_BLOCK_CAPTURE_AUTORELEASING = YES;
				CLANG_WARN_BOOL_CONVERSION = YES;
				CLANG_WARN_COMMA = YES;
				CLANG_WARN_CONSTANT_CONVERSION = YES;
				CLANG_WARN_DEPRECATED_OBJC_IMPLEMENTATIONS = YES;
				CLANG_WARN_DIRECT_OBJC_ISA_USAGE = YES_ERROR;
				CLANG_WARN_DOCUMENTATION_COMMENTS = YES;
				CLANG_WARN_EMPTY_BODY = YES;
				CLANG_WARN_ENUM_CONVERSION = YES;
				CLANG_WARN_INFINITE_RECURSION = YES;
				CLANG_WARN_INT_CONVERSION = YES;
				CLANG_WARN_NON_LITERAL_NULL_CONVERSION = YES;
				CLANG_WARN_OBJC_IMPLICIT_RETAIN_SELF = YES;
				CLANG_WARN_OBJC_LITERAL_CONVERSION = YES;
				CLANG_WARN_OBJC_ROOT_CLASS = YES_ERROR;
				CLANG_WARN_RANGE_LOOP_ANALYSIS = YES;
				CLANG_WARN_STRICT_PROTOTYPES = YES;
				CLANG_WARN_SUSPICIOUS_MOVE = YES;
				CLANG_WARN_UNGUARDED_AVAILABILITY = YES_AGGRESSIVE;
				CLANG_WARN_UNREACHABLE_CODE = YES;
				CLANG_WARN__DUPLICATE_METHOD_MATCH = YES;
				CODE_SIGN_IDENTITY = "iPhone Developer";
				COPY_PHASE_STRIP = NO;
				DEBUG_INFORMATION_FORMAT = "dwarf-with-dsym";
				ENABLE_NS_ASSERTIONS = NO;
				ENABLE_STRICT_OBJC_MSGSEND = YES;
				GCC_C_LANGUAGE_STANDARD = gnu11;
				GCC_NO_COMMON_BLOCKS = YES;
				GCC_WARN_64_TO_32_BIT_CONVERSION = YES;
				GCC_WARN_ABOUT_RETURN_TYPE = YES_ERROR;
				GCC_WARN_UNDECLARED_SELECTOR = YES;
				GCC_WARN_UNINITIALIZED_AUTOS = YES_AGGRESSIVE;
				GCC_WARN_UNUSED_FUNCTION = YES;
				GCC_WARN_UNUSED_VARIABLE = YES;
				IPHONEOS_DEPLOYMENT_TARGET = 11.0;
				MTL_ENABLE_DEBUG_INFO = NO;
				MTL_FAST_MATH = YES;
				SDKROOT = iphoneos;
				SWIFT_COMPILATION_MODE = wholemodule;
				SWIFT_OPTIMIZATION_LEVEL = "-O";
				VALIDATE_PRODUCT = YES;
			};
			name = Release;
		};
		4FF966AB230C032700E869FF /* Debug */ = {
			isa = XCBuildConfiguration;
			baseConfigurationReference = A49A9086C3D192F57DEDDDD6 /* Pods-FirstCitizen.debug.xcconfig */;
			buildSettings = {
				ASSETCATALOG_COMPILER_APPICON_NAME = AppIcon;
				CODE_SIGN_STYLE = Automatic;
				DEVELOPMENT_TEAM = 5W72YMDK56;
				FRAMEWORK_SEARCH_PATHS = (
					"$(inherited)",
					"$(PROJECT_DIR)",
				);
				INFOPLIST_FILE = FirstCitizen/Info.plist;
				IPHONEOS_DEPLOYMENT_TARGET = 11.0;
				LD_RUNPATH_SEARCH_PATHS = (
					"$(inherited)",
					"@executable_path/Frameworks",
				);
				OTHER_LDFLAGS = (
					"$(inherited)",
					"-framework",
					"\"Accelerate\"",
					"-framework",
					"\"Alamofire\"",
					"-framework",
					"\"CFNetwork\"",
					"-framework",
					"\"CoreGraphics\"",
					"-framework",
					"\"Foundation\"",
					"-framework",
					"\"Kingfisher\"",
					"-framework",
					"\"QuartzCore\"",
					"-framework",
					"\"SafariServices\"",
					"-framework",
					"\"Security\"",
					"-framework",
					"\"SnapKit\"",
					"-framework",
					"\"SystemConfiguration\"",
					"-framework",
					"\"UIKit\"",
				);
				PRODUCT_BUNDLE_IDENTIFIER = "github.com-kira1021.FirstCitizen";
				PRODUCT_NAME = "$(TARGET_NAME)";
				SWIFT_OBJC_BRIDGING_HEADER = "";
				SWIFT_VERSION = 5.0;
				TARGETED_DEVICE_FAMILY = 1;
			};
			name = Debug;
		};
		4FF966AC230C032700E869FF /* Release */ = {
			isa = XCBuildConfiguration;
			baseConfigurationReference = 80EA8319B751197666F7ABE9 /* Pods-FirstCitizen.release.xcconfig */;
			buildSettings = {
				ASSETCATALOG_COMPILER_APPICON_NAME = AppIcon;
				CODE_SIGN_STYLE = Automatic;
				DEVELOPMENT_TEAM = 5W72YMDK56;
				FRAMEWORK_SEARCH_PATHS = (
					"$(inherited)",
					"$(PROJECT_DIR)",
				);
				INFOPLIST_FILE = FirstCitizen/Info.plist;
				IPHONEOS_DEPLOYMENT_TARGET = 11.0;
				LD_RUNPATH_SEARCH_PATHS = (
					"$(inherited)",
					"@executable_path/Frameworks",
				);
				OTHER_LDFLAGS = (
					"$(inherited)",
					"-framework",
					"\"Accelerate\"",
					"-framework",
					"\"Alamofire\"",
					"-framework",
					"\"CFNetwork\"",
					"-framework",
					"\"CoreGraphics\"",
					"-framework",
					"\"Foundation\"",
					"-framework",
					"\"Kingfisher\"",
					"-framework",
					"\"QuartzCore\"",
					"-framework",
					"\"SafariServices\"",
					"-framework",
					"\"Security\"",
					"-framework",
					"\"SnapKit\"",
					"-framework",
					"\"SystemConfiguration\"",
					"-framework",
					"\"UIKit\"",
				);
				PRODUCT_BUNDLE_IDENTIFIER = "github.com-kira1021.FirstCitizen";
				PRODUCT_NAME = "$(TARGET_NAME)";
				SWIFT_OBJC_BRIDGING_HEADER = "";
				SWIFT_VERSION = 5.0;
				TARGETED_DEVICE_FAMILY = 1;
			};
			name = Release;
		};
/* End XCBuildConfiguration section */

/* Begin XCConfigurationList section */
		4FF96693230C032600E869FF /* Build configuration list for PBXProject "FirstCitizen" */ = {
			isa = XCConfigurationList;
			buildConfigurations = (
				4FF966A8230C032700E869FF /* Debug */,
				4FF966A9230C032700E869FF /* Release */,
			);
			defaultConfigurationIsVisible = 0;
			defaultConfigurationName = Release;
		};
		4FF966AA230C032700E869FF /* Build configuration list for PBXNativeTarget "FirstCitizen" */ = {
			isa = XCConfigurationList;
			buildConfigurations = (
				4FF966AB230C032700E869FF /* Debug */,
				4FF966AC230C032700E869FF /* Release */,
			);
			defaultConfigurationIsVisible = 0;
			defaultConfigurationName = Release;
		};
/* End XCConfigurationList section */
	};
	rootObject = 4FF96690230C032600E869FF /* Project object */;
}
