// !$*UTF8*$!
{
	archiveVersion = 1;
	classes = {
	};
	objectVersion = 50;
	objects = {

/* Begin PBXBuildFile section */
		4F87FFCF232896D20094CCD0 /* SettingGuideView.swift in Sources */ = {isa = PBXBuildFile; fileRef = 4F87FFCE232896D20094CCD0 /* SettingGuideView.swift */; };
		4F87FFDD2337886F0094CCD0 /* SettingDocumentCell.swift in Sources */ = {isa = PBXBuildFile; fileRef = 4F87FFDC2337886F0094CCD0 /* SettingDocumentCell.swift */; };
		4FF9669C230C032600E869FF /* AppDelegate.swift in Sources */ = {isa = PBXBuildFile; fileRef = 4FF9669B230C032600E869FF /* AppDelegate.swift */; };
		4FF966A1230C032600E869FF /* Main.storyboard in Resources */ = {isa = PBXBuildFile; fileRef = 4FF9669F230C032600E869FF /* Main.storyboard */; };
		4FF966A6230C032700E869FF /* LaunchScreen.storyboard in Resources */ = {isa = PBXBuildFile; fileRef = 4FF966A4230C032700E869FF /* LaunchScreen.storyboard */; };
		4FF966AF230C043B00E869FF /* MainTabBarController.swift in Sources */ = {isa = PBXBuildFile; fileRef = 4FF966AE230C043B00E869FF /* MainTabBarController.swift */; };
		4FF966B4230C07E300E869FF /* PointViewController.swift in Sources */ = {isa = PBXBuildFile; fileRef = 4FF966B3230C07E300E869FF /* PointViewController.swift */; };
		4FF966B6230C07EB00E869FF /* MapViewController.swift in Sources */ = {isa = PBXBuildFile; fileRef = 4FF966B5230C07EB00E869FF /* MapViewController.swift */; };
		4FF966B8230C07F200E869FF /* ListViewController.swift in Sources */ = {isa = PBXBuildFile; fileRef = 4FF966B7230C07F200E869FF /* ListViewController.swift */; };
		4FF966BA230C07F900E869FF /* SettingViewController.swift in Sources */ = {isa = PBXBuildFile; fileRef = 4FF966B9230C07F900E869FF /* SettingViewController.swift */; };
		4FF966BD230C087400E869FF /* TabBarButtonView.swift in Sources */ = {isa = PBXBuildFile; fileRef = 4FF966BC230C087400E869FF /* TabBarButtonView.swift */; };
		4FF966BF230C1B5B00E869FF /* MapView.swift in Sources */ = {isa = PBXBuildFile; fileRef = 4FF966BE230C1B5B00E869FF /* MapView.swift */; };
		4FF966C2230C25FE00E869FF /* ExtensionFont.swift in Sources */ = {isa = PBXBuildFile; fileRef = 4FF966C1230C25FE00E869FF /* ExtensionFont.swift */; };
		4FF966C4230C28E800E869FF /* PointView.swift in Sources */ = {isa = PBXBuildFile; fileRef = 4FF966C3230C28E800E869FF /* PointView.swift */; };
		4FF966C6230C31AE00E869FF /* ExtensionColor.swift in Sources */ = {isa = PBXBuildFile; fileRef = 4FF966C5230C31AE00E869FF /* ExtensionColor.swift */; };
		4FF966C8230C345E00E869FF /* ExtensionView.swift in Sources */ = {isa = PBXBuildFile; fileRef = 4FF966C7230C345E00E869FF /* ExtensionView.swift */; };
		4FF966CE230C49AB00E869FF /* Assets.xcassets in Resources */ = {isa = PBXBuildFile; fileRef = 4FF966CD230C49AB00E869FF /* Assets.xcassets */; };
		4FF966D4230C706800E869FF /* SettingProfileCell.swift in Sources */ = {isa = PBXBuildFile; fileRef = 4FF966D3230C706800E869FF /* SettingProfileCell.swift */; };
		527E38F423321C1000C01EC7 /* ExtensionUIImage.swift in Sources */ = {isa = PBXBuildFile; fileRef = 527E38F323321C1000C01EC7 /* ExtensionUIImage.swift */; };
		527E38F62332958700C01EC7 /* TestData.swift in Sources */ = {isa = PBXBuildFile; fileRef = 527E38F52332958700C01EC7 /* TestData.swift */; };
		6B36858508F29EBE5EFE4F77 /* Pods_FirstCitizen.framework in Frameworks */ = {isa = PBXBuildFile; fileRef = 50CCF6F72520B16B5901678A /* Pods_FirstCitizen.framework */; };
		CF0CF5122313912D004DF6A5 /* LoginViewController.swift in Sources */ = {isa = PBXBuildFile; fileRef = CF0CF5112313912D004DF6A5 /* LoginViewController.swift */; };
		CF0CF51423139137004DF6A5 /* LoginView.swift in Sources */ = {isa = PBXBuildFile; fileRef = CF0CF51323139137004DF6A5 /* LoginView.swift */; };
		CF0CF5192313B811004DF6A5 /* KakaoOpenSDK.framework in Frameworks */ = {isa = PBXBuildFile; fileRef = CF0CF5182313B811004DF6A5 /* KakaoOpenSDK.framework */; };
		CF0CF51B2313C627004DF6A5 /* PreparedViewController.swift in Sources */ = {isa = PBXBuildFile; fileRef = CF0CF51A2313C627004DF6A5 /* PreparedViewController.swift */; };
		CF0CF51D2313C635004DF6A5 /* PreparedView.swift in Sources */ = {isa = PBXBuildFile; fileRef = CF0CF51C2313C635004DF6A5 /* PreparedView.swift */; };
		CF0CF51F23154028004DF6A5 /* SignupViewController.swift in Sources */ = {isa = PBXBuildFile; fileRef = CF0CF51E23154028004DF6A5 /* SignupViewController.swift */; };
		CF0CF52123154040004DF6A5 /* SignupView.swift in Sources */ = {isa = PBXBuildFile; fileRef = CF0CF52023154040004DF6A5 /* SignupView.swift */; };
		CF1E09D323275860006E9537 /* IncidentViewController.swift in Sources */ = {isa = PBXBuildFile; fileRef = CF1E09D223275860006E9537 /* IncidentViewController.swift */; };
		CF1E09D523275891006E9537 /* IncidentView.swift in Sources */ = {isa = PBXBuildFile; fileRef = CF1E09D423275891006E9537 /* IncidentView.swift */; };
		CF1E09D823275F33006E9537 /* IncidentCell.swift in Sources */ = {isa = PBXBuildFile; fileRef = CF1E09D723275F33006E9537 /* IncidentCell.swift */; };
		CF388F7E232FAE5900DA6A1C /* HomeIncidentData.swift in Sources */ = {isa = PBXBuildFile; fileRef = CF388F7D232FAE5900DA6A1C /* HomeIncidentData.swift */; };
		CF388F81232FCD0000DA6A1C /* ApiUrl.swift in Sources */ = {isa = PBXBuildFile; fileRef = CF388F80232FCD0000DA6A1C /* ApiUrl.swift */; };
		CF388F8323306EE700DA6A1C /* DetailIncidentData.swift in Sources */ = {isa = PBXBuildFile; fileRef = CF388F8223306EE700DA6A1C /* DetailIncidentData.swift */; };
		CF5467D1233349BC00F75DDB /* ReportViewController.swift in Sources */ = {isa = PBXBuildFile; fileRef = CF5467D0233349BC00F75DDB /* ReportViewController.swift */; };
		CF5467D3233349C700F75DDB /* ReportView.swift in Sources */ = {isa = PBXBuildFile; fileRef = CF5467D2233349C700F75DDB /* ReportView.swift */; };
		CF54686523346E6A00F75DDB /* ListView.swift in Sources */ = {isa = PBXBuildFile; fileRef = CF54686423346E6A00F75DDB /* ListView.swift */; };
		CF5468682334DD3800F75DDB /* ListViewCell.swift in Sources */ = {isa = PBXBuildFile; fileRef = CF5468672334DD3800F75DDB /* ListViewCell.swift */; };
/* End PBXBuildFile section */

/* Begin PBXFileReference section */
		4F87FFCE232896D20094CCD0 /* SettingGuideView.swift */ = {isa = PBXFileReference; lastKnownFileType = sourcecode.swift; path = SettingGuideView.swift; sourceTree = "<group>"; };
		4F87FFDC2337886F0094CCD0 /* SettingDocumentCell.swift */ = {isa = PBXFileReference; lastKnownFileType = sourcecode.swift; path = SettingDocumentCell.swift; sourceTree = "<group>"; };
		4FF96698230C032600E869FF /* FirstCitizen.app */ = {isa = PBXFileReference; explicitFileType = wrapper.application; includeInIndex = 0; path = FirstCitizen.app; sourceTree = BUILT_PRODUCTS_DIR; };
		4FF9669B230C032600E869FF /* AppDelegate.swift */ = {isa = PBXFileReference; lastKnownFileType = sourcecode.swift; path = AppDelegate.swift; sourceTree = "<group>"; };
		4FF966A0230C032600E869FF /* Base */ = {isa = PBXFileReference; lastKnownFileType = file.storyboard; name = Base; path = Base.lproj/Main.storyboard; sourceTree = "<group>"; };
		4FF966A5230C032700E869FF /* Base */ = {isa = PBXFileReference; lastKnownFileType = file.storyboard; name = Base; path = Base.lproj/LaunchScreen.storyboard; sourceTree = "<group>"; };
		4FF966A7230C032700E869FF /* Info.plist */ = {isa = PBXFileReference; lastKnownFileType = text.plist.xml; path = Info.plist; sourceTree = "<group>"; };
		4FF966AE230C043B00E869FF /* MainTabBarController.swift */ = {isa = PBXFileReference; lastKnownFileType = sourcecode.swift; path = MainTabBarController.swift; sourceTree = "<group>"; };
		4FF966B3230C07E300E869FF /* PointViewController.swift */ = {isa = PBXFileReference; lastKnownFileType = sourcecode.swift; path = PointViewController.swift; sourceTree = "<group>"; };
		4FF966B5230C07EB00E869FF /* MapViewController.swift */ = {isa = PBXFileReference; lastKnownFileType = sourcecode.swift; path = MapViewController.swift; sourceTree = "<group>"; };
		4FF966B7230C07F200E869FF /* ListViewController.swift */ = {isa = PBXFileReference; lastKnownFileType = sourcecode.swift; path = ListViewController.swift; sourceTree = "<group>"; };
		4FF966B9230C07F900E869FF /* SettingViewController.swift */ = {isa = PBXFileReference; lastKnownFileType = sourcecode.swift; path = SettingViewController.swift; sourceTree = "<group>"; };
		4FF966BC230C087400E869FF /* TabBarButtonView.swift */ = {isa = PBXFileReference; lastKnownFileType = sourcecode.swift; path = TabBarButtonView.swift; sourceTree = "<group>"; };
		4FF966BE230C1B5B00E869FF /* MapView.swift */ = {isa = PBXFileReference; lastKnownFileType = sourcecode.swift; path = MapView.swift; sourceTree = "<group>"; };
		4FF966C1230C25FE00E869FF /* ExtensionFont.swift */ = {isa = PBXFileReference; lastKnownFileType = sourcecode.swift; path = ExtensionFont.swift; sourceTree = "<group>"; };
		4FF966C3230C28E800E869FF /* PointView.swift */ = {isa = PBXFileReference; lastKnownFileType = sourcecode.swift; path = PointView.swift; sourceTree = "<group>"; };
		4FF966C5230C31AE00E869FF /* ExtensionColor.swift */ = {isa = PBXFileReference; lastKnownFileType = sourcecode.swift; path = ExtensionColor.swift; sourceTree = "<group>"; };
		4FF966C7230C345E00E869FF /* ExtensionView.swift */ = {isa = PBXFileReference; lastKnownFileType = sourcecode.swift; path = ExtensionView.swift; sourceTree = "<group>"; };
		4FF966CD230C49AB00E869FF /* Assets.xcassets */ = {isa = PBXFileReference; lastKnownFileType = folder.assetcatalog; path = Assets.xcassets; sourceTree = "<group>"; };
		4FF966D3230C706800E869FF /* SettingProfileCell.swift */ = {isa = PBXFileReference; lastKnownFileType = sourcecode.swift; path = SettingProfileCell.swift; sourceTree = "<group>"; };
		50CCF6F72520B16B5901678A /* Pods_FirstCitizen.framework */ = {isa = PBXFileReference; explicitFileType = wrapper.framework; includeInIndex = 0; path = Pods_FirstCitizen.framework; sourceTree = BUILT_PRODUCTS_DIR; };
		527E38F323321C1000C01EC7 /* ExtensionUIImage.swift */ = {isa = PBXFileReference; lastKnownFileType = sourcecode.swift; path = ExtensionUIImage.swift; sourceTree = "<group>"; };
		527E38F52332958700C01EC7 /* TestData.swift */ = {isa = PBXFileReference; lastKnownFileType = sourcecode.swift; path = TestData.swift; sourceTree = "<group>"; };
		80EA8319B751197666F7ABE9 /* Pods-FirstCitizen.release.xcconfig */ = {isa = PBXFileReference; includeInIndex = 1; lastKnownFileType = text.xcconfig; name = "Pods-FirstCitizen.release.xcconfig"; path = "Target Support Files/Pods-FirstCitizen/Pods-FirstCitizen.release.xcconfig"; sourceTree = "<group>"; };
		A49A9086C3D192F57DEDDDD6 /* Pods-FirstCitizen.debug.xcconfig */ = {isa = PBXFileReference; includeInIndex = 1; lastKnownFileType = text.xcconfig; name = "Pods-FirstCitizen.debug.xcconfig"; path = "Target Support Files/Pods-FirstCitizen/Pods-FirstCitizen.debug.xcconfig"; sourceTree = "<group>"; };
		CF0CF5112313912D004DF6A5 /* LoginViewController.swift */ = {isa = PBXFileReference; lastKnownFileType = sourcecode.swift; path = LoginViewController.swift; sourceTree = "<group>"; };
		CF0CF51323139137004DF6A5 /* LoginView.swift */ = {isa = PBXFileReference; lastKnownFileType = sourcecode.swift; path = LoginView.swift; sourceTree = "<group>"; };
		CF0CF5152313B5C3004DF6A5 /* KakaoOpenSDK-Bridging-Header.h */ = {isa = PBXFileReference; lastKnownFileType = sourcecode.c.h; path = "KakaoOpenSDK-Bridging-Header.h"; sourceTree = "<group>"; };
		CF0CF5182313B811004DF6A5 /* KakaoOpenSDK.framework */ = {isa = PBXFileReference; lastKnownFileType = wrapper.framework; path = KakaoOpenSDK.framework; sourceTree = "<group>"; };
		CF0CF51A2313C627004DF6A5 /* PreparedViewController.swift */ = {isa = PBXFileReference; lastKnownFileType = sourcecode.swift; path = PreparedViewController.swift; sourceTree = "<group>"; };
		CF0CF51C2313C635004DF6A5 /* PreparedView.swift */ = {isa = PBXFileReference; lastKnownFileType = sourcecode.swift; path = PreparedView.swift; sourceTree = "<group>"; };
		CF0CF51E23154028004DF6A5 /* SignupViewController.swift */ = {isa = PBXFileReference; lastKnownFileType = sourcecode.swift; path = SignupViewController.swift; sourceTree = "<group>"; };
		CF0CF52023154040004DF6A5 /* SignupView.swift */ = {isa = PBXFileReference; lastKnownFileType = sourcecode.swift; path = SignupView.swift; sourceTree = "<group>"; };
		CF1E09D223275860006E9537 /* IncidentViewController.swift */ = {isa = PBXFileReference; lastKnownFileType = sourcecode.swift; path = IncidentViewController.swift; sourceTree = "<group>"; };
		CF1E09D423275891006E9537 /* IncidentView.swift */ = {isa = PBXFileReference; lastKnownFileType = sourcecode.swift; path = IncidentView.swift; sourceTree = "<group>"; };
		CF1E09D723275F33006E9537 /* IncidentCell.swift */ = {isa = PBXFileReference; lastKnownFileType = sourcecode.swift; path = IncidentCell.swift; sourceTree = "<group>"; };
		CF388F7D232FAE5900DA6A1C /* HomeIncidentData.swift */ = {isa = PBXFileReference; lastKnownFileType = sourcecode.swift; path = HomeIncidentData.swift; sourceTree = "<group>"; };
		CF388F80232FCD0000DA6A1C /* ApiUrl.swift */ = {isa = PBXFileReference; lastKnownFileType = sourcecode.swift; path = ApiUrl.swift; sourceTree = "<group>"; };
		CF388F8223306EE700DA6A1C /* DetailIncidentData.swift */ = {isa = PBXFileReference; lastKnownFileType = sourcecode.swift; path = DetailIncidentData.swift; sourceTree = "<group>"; };
		CF5467D0233349BC00F75DDB /* ReportViewController.swift */ = {isa = PBXFileReference; lastKnownFileType = sourcecode.swift; path = ReportViewController.swift; sourceTree = "<group>"; };
		CF5467D2233349C700F75DDB /* ReportView.swift */ = {isa = PBXFileReference; lastKnownFileType = sourcecode.swift; path = ReportView.swift; sourceTree = "<group>"; };
		CF54686423346E6A00F75DDB /* ListView.swift */ = {isa = PBXFileReference; lastKnownFileType = sourcecode.swift; path = ListView.swift; sourceTree = "<group>"; };
		CF5468672334DD3800F75DDB /* ListViewCell.swift */ = {isa = PBXFileReference; lastKnownFileType = sourcecode.swift; path = ListViewCell.swift; sourceTree = "<group>"; };
/* End PBXFileReference section */

/* Begin PBXFrameworksBuildPhase section */
		4FF96695230C032600E869FF /* Frameworks */ = {
			isa = PBXFrameworksBuildPhase;
			buildActionMask = 2147483647;
			files = (
				6B36858508F29EBE5EFE4F77 /* Pods_FirstCitizen.framework in Frameworks */,
				CF0CF5192313B811004DF6A5 /* KakaoOpenSDK.framework in Frameworks */,
			);
			runOnlyForDeploymentPostprocessing = 0;
		};
/* End PBXFrameworksBuildPhase section */

/* Begin PBXGroup section */
		4F87FFCD232896BB0094CCD0 /* Setting */ = {
			isa = PBXGroup;
			children = (
				4F87FFCE232896D20094CCD0 /* SettingGuideView.swift */,
			);
			path = Setting;
			sourceTree = "<group>";
		};
		4FF9668F230C032600E869FF = {
			isa = PBXGroup;
			children = (
				CF0CF5152313B5C3004DF6A5 /* KakaoOpenSDK-Bridging-Header.h */,
				4FF9669A230C032600E869FF /* FirstCitizen */,
				4FF96699230C032600E869FF /* Products */,
				8F1FFCC2FF97A93ECE0D65C7 /* Pods */,
				6BF0C2A65BCA8FC5FB2A8439 /* Frameworks */,
			);
			sourceTree = "<group>";
		};
		4FF96699230C032600E869FF /* Products */ = {
			isa = PBXGroup;
			children = (
				4FF96698230C032600E869FF /* FirstCitizen.app */,
			);
			name = Products;
			sourceTree = "<group>";
		};
		4FF9669A230C032600E869FF /* FirstCitizen */ = {
			isa = PBXGroup;
			children = (
				4FF9669B230C032600E869FF /* AppDelegate.swift */,
				4FF966C0230C25EA00E869FF /* Extension */,
				CF388F7F232FCCEC00DA6A1C /* Network */,
				CF388F7C232FAE3800DA6A1C /* Data */,
				4FF966D1230C700C00E869FF /* Cell */,
				4FF966BB230C085F00E869FF /* View */,
				4FF966AD230C041500E869FF /* Controller */,
				4FF966CD230C49AB00E869FF /* Assets.xcassets */,
				4FF9669F230C032600E869FF /* Main.storyboard */,
				4FF966A4230C032700E869FF /* LaunchScreen.storyboard */,
				4FF966A7230C032700E869FF /* Info.plist */,
			);
			path = FirstCitizen;
			sourceTree = "<group>";
		};
		4FF966AD230C041500E869FF /* Controller */ = {
			isa = PBXGroup;
			children = (
				4FF966AE230C043B00E869FF /* MainTabBarController.swift */,
				CF0CF5102313911E004DF6A5 /* Login */,
				4FF966B2230C07A400E869FF /* Point */,
				4FF966B0230C074F00E869FF /* MapList */,
				CF1E09CF2326198A006E9537 /* Incident */,
				CF5467CF233349A600F75DDB /* Report */,
				4FF966B1230C079D00E869FF /* Setting */,
			);
			path = Controller;
			sourceTree = "<group>";
		};
		4FF966B0230C074F00E869FF /* MapList */ = {
			isa = PBXGroup;
			children = (
				4FF966B5230C07EB00E869FF /* MapViewController.swift */,
				4FF966B7230C07F200E869FF /* ListViewController.swift */,
			);
			path = MapList;
			sourceTree = "<group>";
		};
		4FF966B1230C079D00E869FF /* Setting */ = {
			isa = PBXGroup;
			children = (
				4FF966B9230C07F900E869FF /* SettingViewController.swift */,
			);
			path = Setting;
			sourceTree = "<group>";
		};
		4FF966B2230C07A400E869FF /* Point */ = {
			isa = PBXGroup;
			children = (
				4FF966B3230C07E300E869FF /* PointViewController.swift */,
			);
			path = Point;
			sourceTree = "<group>";
		};
		4FF966BB230C085F00E869FF /* View */ = {
			isa = PBXGroup;
			children = (
				4FF966BC230C087400E869FF /* TabBarButtonView.swift */,
				CF0CF51323139137004DF6A5 /* LoginView.swift */,
				CF0CF52023154040004DF6A5 /* SignupView.swift */,
				CF0CF51C2313C635004DF6A5 /* PreparedView.swift */,
				4FF966C3230C28E800E869FF /* PointView.swift */,
				4FF966BE230C1B5B00E869FF /* MapView.swift */,
				CF54686423346E6A00F75DDB /* ListView.swift */,
				4F87FFCD232896BB0094CCD0 /* Setting */,
			);
			path = View;
			sourceTree = "<group>";
		};
		4FF966C0230C25EA00E869FF /* Extension */ = {
			isa = PBXGroup;
			children = (
				4FF966C1230C25FE00E869FF /* ExtensionFont.swift */,
				527E38F323321C1000C01EC7 /* ExtensionUIImage.swift */,
				4FF966C5230C31AE00E869FF /* ExtensionColor.swift */,
				4FF966C7230C345E00E869FF /* ExtensionView.swift */,
			);
			path = Extension;
			sourceTree = "<group>";
		};
		4FF966D1230C700C00E869FF /* Cell */ = {
			isa = PBXGroup;
			children = (
				CF5468662334DD1C00F75DDB /* MapList */,
				CF1E09D623275F1D006E9537 /* Incident */,
				4FF966D5230C706C00E869FF /* Setting */,
			);
			path = Cell;
			sourceTree = "<group>";
		};
		4FF966D5230C706C00E869FF /* Setting */ = {
			isa = PBXGroup;
			children = (
				4FF966D3230C706800E869FF /* SettingProfileCell.swift */,
				4F87FFDC2337886F0094CCD0 /* SettingDocumentCell.swift */,
			);
			path = Setting;
			sourceTree = "<group>";
		};
		6BF0C2A65BCA8FC5FB2A8439 /* Frameworks */ = {
			isa = PBXGroup;
			children = (
				CF0CF5182313B811004DF6A5 /* KakaoOpenSDK.framework */,
				50CCF6F72520B16B5901678A /* Pods_FirstCitizen.framework */,
			);
			name = Frameworks;
			sourceTree = "<group>";
		};
		8F1FFCC2FF97A93ECE0D65C7 /* Pods */ = {
			isa = PBXGroup;
			children = (
				A49A9086C3D192F57DEDDDD6 /* Pods-FirstCitizen.debug.xcconfig */,
				80EA8319B751197666F7ABE9 /* Pods-FirstCitizen.release.xcconfig */,
			);
			path = Pods;
			sourceTree = "<group>";
		};
		CF0CF5102313911E004DF6A5 /* Login */ = {
			isa = PBXGroup;
			children = (
				CF0CF5112313912D004DF6A5 /* LoginViewController.swift */,
				CF0CF51E23154028004DF6A5 /* SignupViewController.swift */,
				CF0CF51A2313C627004DF6A5 /* PreparedViewController.swift */,
			);
			path = Login;
			sourceTree = "<group>";
		};
		CF1E09CF2326198A006E9537 /* Incident */ = {
			isa = PBXGroup;
			children = (
				CF1E09D223275860006E9537 /* IncidentViewController.swift */,
				CF1E09D423275891006E9537 /* IncidentView.swift */,
			);
			path = Incident;
			sourceTree = "<group>";
		};
		CF1E09D623275F1D006E9537 /* Incident */ = {
			isa = PBXGroup;
			children = (
				CF1E09D723275F33006E9537 /* IncidentCell.swift */,
			);
			path = Incident;
			sourceTree = "<group>";
		};
		CF388F7C232FAE3800DA6A1C /* Data */ = {
			isa = PBXGroup;
			children = (
				CF388F7D232FAE5900DA6A1C /* HomeIncidentData.swift */,
				527E38F52332958700C01EC7 /* TestData.swift */,
				CF388F8223306EE700DA6A1C /* DetailIncidentData.swift */,
			);
			path = Data;
			sourceTree = "<group>";
		};
		CF388F7F232FCCEC00DA6A1C /* Network */ = {
			isa = PBXGroup;
			children = (
				CF388F80232FCD0000DA6A1C /* ApiUrl.swift */,
			);
			path = Network;
			sourceTree = "<group>";
		};
		CF5467CF233349A600F75DDB /* Report */ = {
			isa = PBXGroup;
			children = (
				CF5467D0233349BC00F75DDB /* ReportViewController.swift */,
				CF5467D2233349C700F75DDB /* ReportView.swift */,
			);
			path = Report;
			sourceTree = "<group>";
		};
		CF5468662334DD1C00F75DDB /* MapList */ = {
			isa = PBXGroup;
			children = (
				CF5468672334DD3800F75DDB /* ListViewCell.swift */,
			);
			path = MapList;
			sourceTree = "<group>";
		};
/* End PBXGroup section */

/* Begin PBXNativeTarget section */
		4FF96697230C032600E869FF /* FirstCitizen */ = {
			isa = PBXNativeTarget;
			buildConfigurationList = 4FF966AA230C032700E869FF /* Build configuration list for PBXNativeTarget "FirstCitizen" */;
			buildPhases = (
				DDC6A5134CE50D5C332C5149 /* [CP] Check Pods Manifest.lock */,
				4FF96694230C032600E869FF /* Sources */,
				4FF96695230C032600E869FF /* Frameworks */,
				4FF96696230C032600E869FF /* Resources */,
				5301BE469A03FD61A92214A0 /* [CP] Embed Pods Frameworks */,
			);
			buildRules = (
			);
			dependencies = (
			);
			name = FirstCitizen;
			productName = FirstCitizen;
			productReference = 4FF96698230C032600E869FF /* FirstCitizen.app */;
			productType = "com.apple.product-type.application";
		};
/* End PBXNativeTarget section */

/* Begin PBXProject section */
		4FF96690230C032600E869FF /* Project object */ = {
			isa = PBXProject;
			attributes = {
				LastSwiftUpdateCheck = 1030;
				LastUpgradeCheck = 1030;
				ORGANIZATIONNAME = Kira;
				TargetAttributes = {
					4FF96697230C032600E869FF = {
						CreatedOnToolsVersion = 10.3;
					};
				};
			};
			buildConfigurationList = 4FF96693230C032600E869FF /* Build configuration list for PBXProject "FirstCitizen" */;
			compatibilityVersion = "Xcode 9.3";
			developmentRegion = en;
			hasScannedForEncodings = 0;
			knownRegions = (
				en,
				Base,
			);
			mainGroup = 4FF9668F230C032600E869FF;
			productRefGroup = 4FF96699230C032600E869FF /* Products */;
			projectDirPath = "";
			projectRoot = "";
			targets = (
				4FF96697230C032600E869FF /* FirstCitizen */,
			);
		};
/* End PBXProject section */

/* Begin PBXResourcesBuildPhase section */
		4FF96696230C032600E869FF /* Resources */ = {
			isa = PBXResourcesBuildPhase;
			buildActionMask = 2147483647;
			files = (
				4FF966A6230C032700E869FF /* LaunchScreen.storyboard in Resources */,
				4FF966CE230C49AB00E869FF /* Assets.xcassets in Resources */,
				4FF966A1230C032600E869FF /* Main.storyboard in Resources */,
			);
			runOnlyForDeploymentPostprocessing = 0;
		};
/* End PBXResourcesBuildPhase section */

/* Begin PBXShellScriptBuildPhase section */
		5301BE469A03FD61A92214A0 /* [CP] Embed Pods Frameworks */ = {
			isa = PBXShellScriptBuildPhase;
			buildActionMask = 2147483647;
			files = (
			);
			inputFileListPaths = (
			);
			inputPaths = (
				"${PODS_ROOT}/Target Support Files/Pods-FirstCitizen/Pods-FirstCitizen-frameworks.sh",
				"${BUILT_PRODUCTS_DIR}/Alamofire/Alamofire.framework",
				"${BUILT_PRODUCTS_DIR}/Kingfisher/Kingfisher.framework",
				"${PODS_ROOT}/NMapsMap/framework/NMapsMap.framework",
				"${BUILT_PRODUCTS_DIR}/SnapKit/SnapKit.framework",
				"${PODS_ROOT}/naveridlogin-sdk-ios/NaverThirdPartyLogin.framework",
			);
			name = "[CP] Embed Pods Frameworks";
			outputFileListPaths = (
			);
			outputPaths = (
				"${TARGET_BUILD_DIR}/${FRAMEWORKS_FOLDER_PATH}/Alamofire.framework",
				"${TARGET_BUILD_DIR}/${FRAMEWORKS_FOLDER_PATH}/Kingfisher.framework",
				"${TARGET_BUILD_DIR}/${FRAMEWORKS_FOLDER_PATH}/NMapsMap.framework",
				"${TARGET_BUILD_DIR}/${FRAMEWORKS_FOLDER_PATH}/SnapKit.framework",
				"${TARGET_BUILD_DIR}/${FRAMEWORKS_FOLDER_PATH}/NaverThirdPartyLogin.framework",
			);
			runOnlyForDeploymentPostprocessing = 0;
			shellPath = /bin/sh;
			shellScript = "\"${PODS_ROOT}/Target Support Files/Pods-FirstCitizen/Pods-FirstCitizen-frameworks.sh\"\n";
			showEnvVarsInLog = 0;
		};
		DDC6A5134CE50D5C332C5149 /* [CP] Check Pods Manifest.lock */ = {
			isa = PBXShellScriptBuildPhase;
			buildActionMask = 2147483647;
			files = (
			);
			inputFileListPaths = (
			);
			inputPaths = (
				"${PODS_PODFILE_DIR_PATH}/Podfile.lock",
				"${PODS_ROOT}/Manifest.lock",
			);
			name = "[CP] Check Pods Manifest.lock";
			outputFileListPaths = (
			);
			outputPaths = (
				"$(DERIVED_FILE_DIR)/Pods-FirstCitizen-checkManifestLockResult.txt",
			);
			runOnlyForDeploymentPostprocessing = 0;
			shellPath = /bin/sh;
			shellScript = "diff \"${PODS_PODFILE_DIR_PATH}/Podfile.lock\" \"${PODS_ROOT}/Manifest.lock\" > /dev/null\nif [ $? != 0 ] ; then\n    # print error to STDERR\n    echo \"error: The sandbox is not in sync with the Podfile.lock. Run 'pod install' or update your CocoaPods installation.\" >&2\n    exit 1\nfi\n# This output is used by Xcode 'outputs' to avoid re-running this script phase.\necho \"SUCCESS\" > \"${SCRIPT_OUTPUT_FILE_0}\"\n";
			showEnvVarsInLog = 0;
		};
/* End PBXShellScriptBuildPhase section */

/* Begin PBXSourcesBuildPhase section */
		4FF96694230C032600E869FF /* Sources */ = {
			isa = PBXSourcesBuildPhase;
			buildActionMask = 2147483647;
			files = (
				4FF966BD230C087400E869FF /* TabBarButtonView.swift in Sources */,
				4FF966BF230C1B5B00E869FF /* MapView.swift in Sources */,
				CF0CF51B2313C627004DF6A5 /* PreparedViewController.swift in Sources */,
				527E38F62332958700C01EC7 /* TestData.swift in Sources */,
				4FF966B4230C07E300E869FF /* PointViewController.swift in Sources */,
				CF0CF52123154040004DF6A5 /* SignupView.swift in Sources */,
				CF0CF5122313912D004DF6A5 /* LoginViewController.swift in Sources */,
				CF388F8323306EE700DA6A1C /* DetailIncidentData.swift in Sources */,
				CF1E09D523275891006E9537 /* IncidentView.swift in Sources */,
				4FF966C6230C31AE00E869FF /* ExtensionColor.swift in Sources */,
				4FF966AF230C043B00E869FF /* MainTabBarController.swift in Sources */,
				4FF9669C230C032600E869FF /* AppDelegate.swift in Sources */,
				CF0CF51F23154028004DF6A5 /* SignupViewController.swift in Sources */,
				4FF966C4230C28E800E869FF /* PointView.swift in Sources */,
				CF388F81232FCD0000DA6A1C /* ApiUrl.swift in Sources */,
				CF5468682334DD3800F75DDB /* ListViewCell.swift in Sources */,
				4FF966B8230C07F200E869FF /* ListViewController.swift in Sources */,
				CF54686523346E6A00F75DDB /* ListView.swift in Sources */,
				CF1E09D323275860006E9537 /* IncidentViewController.swift in Sources */,
				4FF966C2230C25FE00E869FF /* ExtensionFont.swift in Sources */,
				527E38F423321C1000C01EC7 /* ExtensionUIImage.swift in Sources */,
				4F87FFCF232896D20094CCD0 /* SettingGuideView.swift in Sources */,
				4F87FFDD2337886F0094CCD0 /* SettingDocumentCell.swift in Sources */,
				CF388F7E232FAE5900DA6A1C /* HomeIncidentData.swift in Sources */,
				CF1E09D823275F33006E9537 /* IncidentCell.swift in Sources */,
				CF5467D3233349C700F75DDB /* ReportView.swift in Sources */,
				4FF966D4230C706800E869FF /* SettingProfileCell.swift in Sources */,
				CF5467D1233349BC00F75DDB /* ReportViewController.swift in Sources */,
				4FF966B6230C07EB00E869FF /* MapViewController.swift in Sources */,
				4FF966C8230C345E00E869FF /* ExtensionView.swift in Sources */,
				CF0CF51D2313C635004DF6A5 /* PreparedView.swift in Sources */,
				CF0CF51423139137004DF6A5 /* LoginView.swift in Sources */,
				4FF966BA230C07F900E869FF /* SettingViewController.swift in Sources */,
			);
			runOnlyForDeploymentPostprocessing = 0;
		};
/* End PBXSourcesBuildPhase section */

/* Begin PBXVariantGroup section */
		4FF9669F230C032600E869FF /* Main.storyboard */ = {
			isa = PBXVariantGroup;
			children = (
				4FF966A0230C032600E869FF /* Base */,
			);
			name = Main.storyboard;
			sourceTree = "<group>";
		};
		4FF966A4230C032700E869FF /* LaunchScreen.storyboard */ = {
			isa = PBXVariantGroup;
			children = (
				4FF966A5230C032700E869FF /* Base */,
			);
			name = LaunchScreen.storyboard;
			sourceTree = "<group>";
		};
/* End PBXVariantGroup section */

/* Begin XCBuildConfiguration section */
		4FF966A8230C032700E869FF /* Debug */ = {
			isa = XCBuildConfiguration;
			buildSettings = {
				ALWAYS_SEARCH_USER_PATHS = NO;
				CLANG_ANALYZER_NONNULL = YES;
				CLANG_ANALYZER_NUMBER_OBJECT_CONVERSION = YES_AGGRESSIVE;
				CLANG_CXX_LANGUAGE_STANDARD = "gnu++14";
				CLANG_CXX_LIBRARY = "libc++";
				CLANG_ENABLE_MODULES = YES;
				CLANG_ENABLE_OBJC_ARC = YES;
				CLANG_ENABLE_OBJC_WEAK = YES;
				CLANG_WARN_BLOCK_CAPTURE_AUTORELEASING = YES;
				CLANG_WARN_BOOL_CONVERSION = YES;
				CLANG_WARN_COMMA = YES;
				CLANG_WARN_CONSTANT_CONVERSION = YES;
				CLANG_WARN_DEPRECATED_OBJC_IMPLEMENTATIONS = YES;
				CLANG_WARN_DIRECT_OBJC_ISA_USAGE = YES_ERROR;
				CLANG_WARN_DOCUMENTATION_COMMENTS = YES;
				CLANG_WARN_EMPTY_BODY = YES;
				CLANG_WARN_ENUM_CONVERSION = YES;
				CLANG_WARN_INFINITE_RECURSION = YES;
				CLANG_WARN_INT_CONVERSION = YES;
				CLANG_WARN_NON_LITERAL_NULL_CONVERSION = YES;
				CLANG_WARN_OBJC_IMPLICIT_RETAIN_SELF = YES;
				CLANG_WARN_OBJC_LITERAL_CONVERSION = YES;
				CLANG_WARN_OBJC_ROOT_CLASS = YES_ERROR;
				CLANG_WARN_RANGE_LOOP_ANALYSIS = YES;
				CLANG_WARN_STRICT_PROTOTYPES = YES;
				CLANG_WARN_SUSPICIOUS_MOVE = YES;
				CLANG_WARN_UNGUARDED_AVAILABILITY = YES_AGGRESSIVE;
				CLANG_WARN_UNREACHABLE_CODE = YES;
				CLANG_WARN__DUPLICATE_METHOD_MATCH = YES;
				CODE_SIGN_IDENTITY = "iPhone Developer";
				COPY_PHASE_STRIP = NO;
				DEBUG_INFORMATION_FORMAT = dwarf;
				ENABLE_STRICT_OBJC_MSGSEND = YES;
				ENABLE_TESTABILITY = YES;
				GCC_C_LANGUAGE_STANDARD = gnu11;
				GCC_DYNAMIC_NO_PIC = NO;
				GCC_NO_COMMON_BLOCKS = YES;
				GCC_OPTIMIZATION_LEVEL = 0;
				GCC_PREPROCESSOR_DEFINITIONS = (
					"DEBUG=1",
					"$(inherited)",
				);
				GCC_WARN_64_TO_32_BIT_CONVERSION = YES;
				GCC_WARN_ABOUT_RETURN_TYPE = YES_ERROR;
				GCC_WARN_UNDECLARED_SELECTOR = YES;
				GCC_WARN_UNINITIALIZED_AUTOS = YES_AGGRESSIVE;
				GCC_WARN_UNUSED_FUNCTION = YES;
				GCC_WARN_UNUSED_VARIABLE = YES;
				IPHONEOS_DEPLOYMENT_TARGET = 12.4;
				MTL_ENABLE_DEBUG_INFO = INCLUDE_SOURCE;
				MTL_FAST_MATH = YES;
				ONLY_ACTIVE_ARCH = YES;
				SDKROOT = iphoneos;
				SWIFT_ACTIVE_COMPILATION_CONDITIONS = DEBUG;
				SWIFT_OPTIMIZATION_LEVEL = "-Onone";
			};
			name = Debug;
		};
		4FF966A9230C032700E869FF /* Release */ = {
			isa = XCBuildConfiguration;
			buildSettings = {
				ALWAYS_SEARCH_USER_PATHS = NO;
				CLANG_ANALYZER_NONNULL = YES;
				CLANG_ANALYZER_NUMBER_OBJECT_CONVERSION = YES_AGGRESSIVE;
				CLANG_CXX_LANGUAGE_STANDARD = "gnu++14";
				CLANG_CXX_LIBRARY = "libc++";
				CLANG_ENABLE_MODULES = YES;
				CLANG_ENABLE_OBJC_ARC = YES;
				CLANG_ENABLE_OBJC_WEAK = YES;
				CLANG_WARN_BLOCK_CAPTURE_AUTORELEASING = YES;
				CLANG_WARN_BOOL_CONVERSION = YES;
				CLANG_WARN_COMMA = YES;
				CLANG_WARN_CONSTANT_CONVERSION = YES;
				CLANG_WARN_DEPRECATED_OBJC_IMPLEMENTATIONS = YES;
				CLANG_WARN_DIRECT_OBJC_ISA_USAGE = YES_ERROR;
				CLANG_WARN_DOCUMENTATION_COMMENTS = YES;
				CLANG_WARN_EMPTY_BODY = YES;
				CLANG_WARN_ENUM_CONVERSION = YES;
				CLANG_WARN_INFINITE_RECURSION = YES;
				CLANG_WARN_INT_CONVERSION = YES;
				CLANG_WARN_NON_LITERAL_NULL_CONVERSION = YES;
				CLANG_WARN_OBJC_IMPLICIT_RETAIN_SELF = YES;
				CLANG_WARN_OBJC_LITERAL_CONVERSION = YES;
				CLANG_WARN_OBJC_ROOT_CLASS = YES_ERROR;
				CLANG_WARN_RANGE_LOOP_ANALYSIS = YES;
				CLANG_WARN_STRICT_PROTOTYPES = YES;
				CLANG_WARN_SUSPICIOUS_MOVE = YES;
				CLANG_WARN_UNGUARDED_AVAILABILITY = YES_AGGRESSIVE;
				CLANG_WARN_UNREACHABLE_CODE = YES;
				CLANG_WARN__DUPLICATE_METHOD_MATCH = YES;
				CODE_SIGN_IDENTITY = "iPhone Developer";
				COPY_PHASE_STRIP = NO;
				DEBUG_INFORMATION_FORMAT = "dwarf-with-dsym";
				ENABLE_NS_ASSERTIONS = NO;
				ENABLE_STRICT_OBJC_MSGSEND = YES;
				GCC_C_LANGUAGE_STANDARD = gnu11;
				GCC_NO_COMMON_BLOCKS = YES;
				GCC_WARN_64_TO_32_BIT_CONVERSION = YES;
				GCC_WARN_ABOUT_RETURN_TYPE = YES_ERROR;
				GCC_WARN_UNDECLARED_SELECTOR = YES;
				GCC_WARN_UNINITIALIZED_AUTOS = YES_AGGRESSIVE;
				GCC_WARN_UNUSED_FUNCTION = YES;
				GCC_WARN_UNUSED_VARIABLE = YES;
				IPHONEOS_DEPLOYMENT_TARGET = 12.4;
				MTL_ENABLE_DEBUG_INFO = NO;
				MTL_FAST_MATH = YES;
				SDKROOT = iphoneos;
				SWIFT_COMPILATION_MODE = wholemodule;
				SWIFT_OPTIMIZATION_LEVEL = "-O";
				VALIDATE_PRODUCT = YES;
			};
			name = Release;
		};
		4FF966AB230C032700E869FF /* Debug */ = {
			isa = XCBuildConfiguration;
			baseConfigurationReference = A49A9086C3D192F57DEDDDD6 /* Pods-FirstCitizen.debug.xcconfig */;
			buildSettings = {
				ASSETCATALOG_COMPILER_APPICON_NAME = AppIcon;
				CODE_SIGN_STYLE = Automatic;
				DEVELOPMENT_TEAM = ZLN97H98PA;
				FRAMEWORK_SEARCH_PATHS = (
					"$(inherited)",
					"$(PROJECT_DIR)",
				);
				INFOPLIST_FILE = FirstCitizen/Info.plist;
				LD_RUNPATH_SEARCH_PATHS = (
					"$(inherited)",
					"@executable_path/Frameworks",
				);
				OTHER_LDFLAGS = (
					"$(inherited)",
					"-framework",
					"\"Accelerate\"",
					"-framework",
					"\"Alamofire\"",
					"-framework",
					"\"CFNetwork\"",
					"-framework",
					"\"CoreGraphics\"",
					"-framework",
					"\"Foundation\"",
					"-framework",
					"\"Kingfisher\"",
					"-framework",
					"\"NaverThirdPartyLogin\"",
					"-framework",
					"\"QuartzCore\"",
					"-framework",
					"\"SafariServices\"",
					"-framework",
					"\"Security\"",
					"-framework",
					"\"SnapKit\"",
					"-framework",
					"\"SystemConfiguration\"",
					"-framework",
					"\"UIKit\"",
					"-all_load",
				);
				PRODUCT_BUNDLE_IDENTIFIER = "github.com-kira1021.FirstCitizen";
				PRODUCT_NAME = "$(TARGET_NAME)";
				SWIFT_OBJC_BRIDGING_HEADER = "KakaoOpenSDK-Bridging-Header.h";
				SWIFT_VERSION = 5.0;
				TARGETED_DEVICE_FAMILY = "1,2";
			};
			name = Debug;
		};
		4FF966AC230C032700E869FF /* Release */ = {
			isa = XCBuildConfiguration;
			baseConfigurationReference = 80EA8319B751197666F7ABE9 /* Pods-FirstCitizen.release.xcconfig */;
			buildSettings = {
				ASSETCATALOG_COMPILER_APPICON_NAME = AppIcon;
				CODE_SIGN_STYLE = Automatic;
				DEVELOPMENT_TEAM = ZLN97H98PA;
				FRAMEWORK_SEARCH_PATHS = (
					"$(inherited)",
					"$(PROJECT_DIR)",
				);
				INFOPLIST_FILE = FirstCitizen/Info.plist;
				LD_RUNPATH_SEARCH_PATHS = (
					"$(inherited)",
					"@executable_path/Frameworks",
				);
				OTHER_LDFLAGS = (
					"$(inherited)",
					"-framework",
					"\"Accelerate\"",
					"-framework",
					"\"Alamofire\"",
					"-framework",
					"\"CFNetwork\"",
					"-framework",
					"\"CoreGraphics\"",
					"-framework",
					"\"Foundation\"",
					"-framework",
					"\"Kingfisher\"",
					"-framework",
					"\"NaverThirdPartyLogin\"",
					"-framework",
					"\"QuartzCore\"",
					"-framework",
					"\"SafariServices\"",
					"-framework",
					"\"Security\"",
					"-framework",
					"\"SnapKit\"",
					"-framework",
					"\"SystemConfiguration\"",
					"-framework",
					"\"UIKit\"",
					"-all_load",
				);
				PRODUCT_BUNDLE_IDENTIFIER = "github.com-kira1021.FirstCitizen";
				PRODUCT_NAME = "$(TARGET_NAME)";
				SWIFT_OBJC_BRIDGING_HEADER = "KakaoOpenSDK-Bridging-Header.h";
				SWIFT_VERSION = 5.0;
				TARGETED_DEVICE_FAMILY = "1,2";
			};
			name = Release;
		};
/* End XCBuildConfiguration section */

/* Begin XCConfigurationList section */
		4FF96693230C032600E869FF /* Build configuration list for PBXProject "FirstCitizen" */ = {
			isa = XCConfigurationList;
			buildConfigurations = (
				4FF966A8230C032700E869FF /* Debug */,
				4FF966A9230C032700E869FF /* Release */,
			);
			defaultConfigurationIsVisible = 0;
			defaultConfigurationName = Release;
		};
		4FF966AA230C032700E869FF /* Build configuration list for PBXNativeTarget "FirstCitizen" */ = {
			isa = XCConfigurationList;
			buildConfigurations = (
				4FF966AB230C032700E869FF /* Debug */,
				4FF966AC230C032700E869FF /* Release */,
			);
			defaultConfigurationIsVisible = 0;
			defaultConfigurationName = Release;
		};
/* End XCConfigurationList section */
	};
	rootObject = 4FF96690230C032600E869FF /* Project object */;
}
